// !$*UTF8*$!
{
	archiveVersion = 1;
	classes = {
	};
	objectVersion = 50;
	objects = {

/* Begin PBXBuildFile section */
		06BACC2223014C6C00D6A933 /* main.cpp in Sources */ = {isa = PBXBuildFile; fileRef = 06BACC2123014C6C00D6A933 /* main.cpp */; };
		06BACC2D2301516900D6A933 /* main.cpp in Sources */ = {isa = PBXBuildFile; fileRef = 06BACC2C2301516900D6A933 /* main.cpp */; };
/* End PBXBuildFile section */

/* Begin PBXCopyFilesBuildPhase section */
		06BACC1D23014C6C00D6A933 /* CopyFiles */ = {
			isa = PBXCopyFilesBuildPhase;
			buildActionMask = 2147483647;
			dstPath = /usr/share/man/man1/;
			dstSubfolderSpec = 0;
			files = (
			);
			runOnlyForDeploymentPostprocessing = 1;
		};
		06BACC282301516900D6A933 /* CopyFiles */ = {
			isa = PBXCopyFilesBuildPhase;
			buildActionMask = 2147483647;
			dstPath = /usr/share/man/man1/;
			dstSubfolderSpec = 0;
			files = (
			);
			runOnlyForDeploymentPostprocessing = 1;
		};
/* End PBXCopyFilesBuildPhase section */

/* Begin PBXFileReference section */
		06BACC1F23014C6C00D6A933 /* 0811-网易互娱-1数量分类 */ = {isa = PBXFileReference; explicitFileType = "compiled.mach-o.executable"; includeInIndex = 0; path = "0811-网易互娱-1数量分类"; sourceTree = BUILT_PRODUCTS_DIR; };
		06BACC2123014C6C00D6A933 /* main.cpp */ = {isa = PBXFileReference; lastKnownFileType = sourcecode.cpp.cpp; path = main.cpp; sourceTree = "<group>"; };
		06BACC2A2301516900D6A933 /* 0811-网易互娱-连续N数量 */ = {isa = PBXFileReference; explicitFileType = "compiled.mach-o.executable"; includeInIndex = 0; path = "0811-网易互娱-连续N数量"; sourceTree = BUILT_PRODUCTS_DIR; };
		06BACC2C2301516900D6A933 /* main.cpp */ = {isa = PBXFileReference; lastKnownFileType = sourcecode.cpp.cpp; path = main.cpp; sourceTree = "<group>"; };
/* End PBXFileReference section */

/* Begin PBXFrameworksBuildPhase section */
		06BACC1C23014C6C00D6A933 /* Frameworks */ = {
			isa = PBXFrameworksBuildPhase;
			buildActionMask = 2147483647;
			files = (
			);
			runOnlyForDeploymentPostprocessing = 0;
		};
		06BACC272301516900D6A933 /* Frameworks */ = {
			isa = PBXFrameworksBuildPhase;
			buildActionMask = 2147483647;
			files = (
			);
			runOnlyForDeploymentPostprocessing = 0;
		};
/* End PBXFrameworksBuildPhase section */

/* Begin PBXGroup section */
		06BACC2023014C6C00D6A933 /* 0811-网易互娱-1数量分类 */ = {
			isa = PBXGroup;
			children = (
				06BACC2123014C6C00D6A933 /* main.cpp */,
			);
			path = "0811-网易互娱-1数量分类";
			sourceTree = "<group>";
		};
		06BACC2B2301516900D6A933 /* 0811-网易互娱-连续N数量 */ = {
			isa = PBXGroup;
			children = (
				06BACC2C2301516900D6A933 /* main.cpp */,
			);
			path = "0811-网易互娱-连续N数量";
			sourceTree = "<group>";
		};
		06E7B32922FFECC300FC7398 = {
			isa = PBXGroup;
			children = (
				06BACC2023014C6C00D6A933 /* 0811-网易互娱-1数量分类 */,
				06BACC2B2301516900D6A933 /* 0811-网易互娱-连续N数量 */,
				06E7B33322FFECC300FC7398 /* Products */,
			);
			sourceTree = "<group>";
		};
		06E7B33322FFECC300FC7398 /* Products */ = {
			isa = PBXGroup;
			children = (
				06BACC1F23014C6C00D6A933 /* 0811-网易互娱-1数量分类 */,
				06BACC2A2301516900D6A933 /* 0811-网易互娱-连续N数量 */,
			);
			name = Products;
			sourceTree = "<group>";
		};
/* End PBXGroup section */

/* Begin PBXNativeTarget section */
		06BACC1E23014C6C00D6A933 /* 0811-网易互娱-1数量分类 */ = {
			isa = PBXNativeTarget;
			buildConfigurationList = 06BACC2523014C6C00D6A933 /* Build configuration list for PBXNativeTarget "0811-网易互娱-1数量分类" */;
			buildPhases = (
				06BACC1B23014C6C00D6A933 /* Sources */,
				06BACC1C23014C6C00D6A933 /* Frameworks */,
				06BACC1D23014C6C00D6A933 /* CopyFiles */,
			);
			buildRules = (
			);
			dependencies = (
			);
			name = "0811-网易互娱-1数量分类";
			productName = "0811-网易互娱-1数量分类";
			productReference = 06BACC1F23014C6C00D6A933 /* 0811-网易互娱-1数量分类 */;
			productType = "com.apple.product-type.tool";
		};
		06BACC292301516900D6A933 /* 0811-网易互娱-连续N数量 */ = {
			isa = PBXNativeTarget;
			buildConfigurationList = 06BACC2E2301516900D6A933 /* Build configuration list for PBXNativeTarget "0811-网易互娱-连续N数量" */;
			buildPhases = (
				06BACC262301516900D6A933 /* Sources */,
				06BACC272301516900D6A933 /* Frameworks */,
				06BACC282301516900D6A933 /* CopyFiles */,
			);
			buildRules = (
			);
			dependencies = (
			);
			name = "0811-网易互娱-连续N数量";
			productName = "0811-网易互娱-连续N数量";
			productReference = 06BACC2A2301516900D6A933 /* 0811-网易互娱-连续N数量 */;
			productType = "com.apple.product-type.tool";
		};
/* End PBXNativeTarget section */

/* Begin PBXProject section */
		06E7B32A22FFECC300FC7398 /* Project object */ = {
			isa = PBXProject;
			attributes = {
				LastUpgradeCheck = 1030;
				ORGANIZATIONNAME = "刘文斌";
				TargetAttributes = {
					06BACC1E23014C6C00D6A933 = {
						CreatedOnToolsVersion = 10.3;
					};
					06BACC292301516900D6A933 = {
						CreatedOnToolsVersion = 10.3;
					};
				};
			};
			buildConfigurationList = 06E7B32D22FFECC300FC7398 /* Build configuration list for PBXProject "0811-网易互娱" */;
			compatibilityVersion = "Xcode 9.3";
			developmentRegion = en;
			hasScannedForEncodings = 0;
			knownRegions = (
				en,
			);
			mainGroup = 06E7B32922FFECC300FC7398;
			productRefGroup = 06E7B33322FFECC300FC7398 /* Products */;
			projectDirPath = "";
			projectRoot = "";
			targets = (
				06BACC1E23014C6C00D6A933 /* 0811-网易互娱-1数量分类 */,
				06BACC292301516900D6A933 /* 0811-网易互娱-连续N数量 */,
			);
		};
/* End PBXProject section */

/* Begin PBXSourcesBuildPhase section */
		06BACC1B23014C6C00D6A933 /* Sources */ = {
			isa = PBXSourcesBuildPhase;
			buildActionMask = 2147483647;
			files = (
				06BACC2223014C6C00D6A933 /* main.cpp in Sources */,
			);
			runOnlyForDeploymentPostprocessing = 0;
		};
		06BACC262301516900D6A933 /* Sources */ = {
			isa = PBXSourcesBuildPhase;
			buildActionMask = 2147483647;
			files = (
				06BACC2D2301516900D6A933 /* main.cpp in Sources */,
			);
			runOnlyForDeploymentPostprocessing = 0;
		};
/* End PBXSourcesBuildPhase section */

/* Begin XCBuildConfiguration section */
		06BACC2323014C6C00D6A933 /* Debug */ = {
			isa = XCBuildConfiguration;
			buildSettings = {
				CODE_SIGN_STYLE = Automatic;
				DEVELOPMENT_TEAM = GDDTF6824M;
				PRODUCT_NAME = "$(TARGET_NAME)";
			};
			name = Debug;
		};
		06BACC2423014C6C00D6A933 /* Release */ = {
			isa = XCBuildConfiguration;
			buildSettings = {
				CODE_SIGN_STYLE = Automatic;
				DEVELOPMENT_TEAM = GDDTF6824M;
				PRODUCT_NAME = "$(TARGET_NAME)";
			};
			name = Release;
		};
		06BACC2F2301516900D6A933 /* Debug */ = {
			isa = XCBuildConfiguration;
			buildSettings = {
				CODE_SIGN_STYLE = Automatic;
				DEVELOPMENT_TEAM = GDDTF6824M;
				PRODUCT_NAME = "$(TARGET_NAME)";
			};
			name = Debug;
		};
		06BACC302301516900D6A933 /* Release */ = {
			isa = XCBuildConfiguration;
			buildSettings = {
				CODE_SIGN_STYLE = Automatic;
				DEVELOPMENT_TEAM = GDDTF6824M;
				PRODUCT_NAME = "$(TARGET_NAME)";
			};
			name = Release;
		};
		06E7B33722FFECC300FC7398 /* Debug */ = {
			isa = XCBuildConfiguration;
			buildSettings = {
				ALWAYS_SEARCH_USER_PATHS = NO;
				CLANG_ANALYZER_NONNULL = YES;
				CLANG_ANALYZER_NUMBER_OBJECT_CONVERSION = YES_AGGRESSIVE;
				CLANG_CXX_LANGUAGE_STANDARD = "gnu++14";
				CLANG_CXX_LIBRARY = "libc++";
				CLANG_ENABLE_MODULES = YES;
				CLANG_ENABLE_OBJC_ARC = YES;
				CLANG_ENABLE_OBJC_WEAK = YES;
				CLANG_WARN_BLOCK_CAPTURE_AUTORELEASING = YES;
				CLANG_WARN_BOOL_CONVERSION = YES;
				CLANG_WARN_COMMA = YES;
				CLANG_WARN_CONSTANT_CONVERSION = YES;
				CLANG_WARN_DEPRECATED_OBJC_IMPLEMENTATIONS = YES;
				CLANG_WARN_DIRECT_OBJC_ISA_USAGE = YES_ERROR;
				CLANG_WARN_DOCUMENTATION_COMMENTS = YES;
				CLANG_WARN_EMPTY_BODY = YES;
				CLANG_WARN_ENUM_CONVERSION = YES;
				CLANG_WARN_INFINITE_RECURSION = YES;
				CLANG_WARN_INT_CONVERSION = YES;
				CLANG_WARN_NON_LITERAL_NULL_CONVERSION = YES;
				CLANG_WARN_OBJC_IMPLICIT_RETAIN_SELF = YES;
				CLANG_WARN_OBJC_LITERAL_CONVERSION = YES;
				CLANG_WARN_OBJC_ROOT_CLASS = YES_ERROR;
				CLANG_WARN_RANGE_LOOP_ANALYSIS = YES;
				CLANG_WARN_STRICT_PROTOTYPES = YES;
				CLANG_WARN_SUSPICIOUS_MOVE = YES;
				CLANG_WARN_UNGUARDED_AVAILABILITY = YES_AGGRESSIVE;
				CLANG_WARN_UNREACHABLE_CODE = YES;
				CLANG_WARN__DUPLICATE_METHOD_MATCH = YES;
				CODE_SIGN_IDENTITY = "Mac Developer";
				COPY_PHASE_STRIP = NO;
				DEBUG_INFORMATION_FORMAT = dwarf;
				ENABLE_STRICT_OBJC_MSGSEND = YES;
				ENABLE_TESTABILITY = YES;
				GCC_C_LANGUAGE_STANDARD = gnu11;
				GCC_DYNAMIC_NO_PIC = NO;
				GCC_NO_COMMON_BLOCKS = YES;
				GCC_OPTIMIZATION_LEVEL = 0;
				GCC_PREPROCESSOR_DEFINITIONS = (
					"DEBUG=1",
					"$(inherited)",
				);
				GCC_WARN_64_TO_32_BIT_CONVERSION = YES;
				GCC_WARN_ABOUT_RETURN_TYPE = YES_ERROR;
				GCC_WARN_UNDECLARED_SELECTOR = YES;
				GCC_WARN_UNINITIALIZED_AUTOS = YES_AGGRESSIVE;
				GCC_WARN_UNUSED_FUNCTION = YES;
				GCC_WARN_UNUSED_VARIABLE = YES;
				MACOSX_DEPLOYMENT_TARGET = 10.14;
				MTL_ENABLE_DEBUG_INFO = INCLUDE_SOURCE;
				MTL_FAST_MATH = YES;
				ONLY_ACTIVE_ARCH = YES;
				SDKROOT = macosx;
			};
			name = Debug;
		};
		06E7B33822FFECC300FC7398 /* Release */ = {
			isa = XCBuildConfiguration;
			buildSettings = {
				ALWAYS_SEARCH_USER_PATHS = NO;
				CLANG_ANALYZER_NONNULL = YES;
				CLANG_ANALYZER_NUMBER_OBJECT_CONVERSION = YES_AGGRESSIVE;
				CLANG_CXX_LANGUAGE_STANDARD = "gnu++14";
				CLANG_CXX_LIBRARY = "libc++";
				CLANG_ENABLE_MODULES = YES;
				CLANG_ENABLE_OBJC_ARC = YES;
				CLANG_ENABLE_OBJC_WEAK = YES;
				CLANG_WARN_BLOCK_CAPTURE_AUTORELEASING = YES;
				CLANG_WARN_BOOL_CONVERSION = YES;
				CLANG_WARN_COMMA = YES;
				CLANG_WARN_CONSTANT_CONVERSION = YES;
				CLANG_WARN_DEPRECATED_OBJC_IMPLEMENTATIONS = YES;
				CLANG_WARN_DIRECT_OBJC_ISA_USAGE = YES_ERROR;
				CLANG_WARN_DOCUMENTATION_COMMENTS = YES;
				CLANG_WARN_EMPTY_BODY = YES;
				CLANG_WARN_ENUM_CONVERSION = YES;
				CLANG_WARN_INFINITE_RECURSION = YES;
				CLANG_WARN_INT_CONVERSION = YES;
				CLANG_WARN_NON_LITERAL_NULL_CONVERSION = YES;
				CLANG_WARN_OBJC_IMPLICIT_RETAIN_SELF = YES;
				CLANG_WARN_OBJC_LITERAL_CONVERSION = YES;
				CLANG_WARN_OBJC_ROOT_CLASS = YES_ERROR;
				CLANG_WARN_RANGE_LOOP_ANALYSIS = YES;
				CLANG_WARN_STRICT_PROTOTYPES = YES;
				CLANG_WARN_SUSPICIOUS_MOVE = YES;
				CLANG_WARN_UNGUARDED_AVAILABILITY = YES_AGGRESSIVE;
				CLANG_WARN_UNREACHABLE_CODE = YES;
				CLANG_WARN__DUPLICATE_METHOD_MATCH = YES;
				CODE_SIGN_IDENTITY = "Mac Developer";
				COPY_PHASE_STRIP = NO;
				DEBUG_INFORMATION_FORMAT = "dwarf-with-dsym";
				ENABLE_NS_ASSERTIONS = NO;
				ENABLE_STRICT_OBJC_MSGSEND = YES;
				GCC_C_LANGUAGE_STANDARD = gnu11;
				GCC_NO_COMMON_BLOCKS = YES;
				GCC_WARN_64_TO_32_BIT_CONVERSION = YES;
				GCC_WARN_ABOUT_RETURN_TYPE = YES_ERROR;
				GCC_WARN_UNDECLARED_SELECTOR = YES;
				GCC_WARN_UNINITIALIZED_AUTOS = YES_AGGRESSIVE;
				GCC_WARN_UNUSED_FUNCTION = YES;
				GCC_WARN_UNUSED_VARIABLE = YES;
				MACOSX_DEPLOYMENT_TARGET = 10.14;
				MTL_ENABLE_DEBUG_INFO = NO;
				MTL_FAST_MATH = YES;
				SDKROOT = macosx;
			};
			name = Release;
		};
/* End XCBuildConfiguration section */

/* Begin XCConfigurationList section */
		06BACC2523014C6C00D6A933 /* Build configuration list for PBXNativeTarget "0811-网易互娱-1数量分类" */ = {
			isa = XCConfigurationList;
			buildConfigurations = (
				06BACC2323014C6C00D6A933 /* Debug */,
				06BACC2423014C6C00D6A933 /* Release */,
			);
			defaultConfigurationIsVisible = 0;
			defaultConfigurationName = Release;
		};
		06BACC2E2301516900D6A933 /* Build configuration list for PBXNativeTarget "0811-网易互娱-连续N数量" */ = {
			isa = XCConfigurationList;
			buildConfigurations = (
				06BACC2F2301516900D6A933 /* Debug */,
				06BACC302301516900D6A933 /* Release */,
			);
			defaultConfigurationIsVisible = 0;
			defaultConfigurationName = Release;
		};
		06E7B32D22FFECC300FC7398 /* Build configuration list for PBXProject "0811-网易互娱" */ = {
			isa = XCConfigurationList;
			buildConfigurations = (
				06E7B33722FFECC300FC7398 /* Debug */,
				06E7B33822FFECC300FC7398 /* Release */,
			);
			defaultConfigurationIsVisible = 0;
			defaultConfigurationName = Release;
		};
/* End XCConfigurationList section */
	};
	rootObject = 06E7B32A22FFECC300FC7398 /* Project object */;
}
