// !$*UTF8*$!
{
	archiveVersion = 1;
	classes = {
	};
	objectVersion = 50;
	objects = {

/* Begin PBXBuildFile section */
		06F715EA22F94CC500B876A5 /* main.cpp in Sources */ = {isa = PBXBuildFile; fileRef = 06F715E922F94CC500B876A5 /* main.cpp */; };
		06F715F522F94D1F00B876A5 /* main.cpp in Sources */ = {isa = PBXBuildFile; fileRef = 06F715F422F94D1F00B876A5 /* main.cpp */; };
		06F7160022F94D7600B876A5 /* main.cpp in Sources */ = {isa = PBXBuildFile; fileRef = 06F715FF22F94D7600B876A5 /* main.cpp */; };
/* End PBXBuildFile section */

/* Begin PBXCopyFilesBuildPhase section */
		06F715E522F94CC500B876A5 /* CopyFiles */ = {
			isa = PBXCopyFilesBuildPhase;
			buildActionMask = 2147483647;
			dstPath = /usr/share/man/man1/;
			dstSubfolderSpec = 0;
			files = (
			);
			runOnlyForDeploymentPostprocessing = 1;
		};
		06F715F022F94D1F00B876A5 /* CopyFiles */ = {
			isa = PBXCopyFilesBuildPhase;
			buildActionMask = 2147483647;
			dstPath = /usr/share/man/man1/;
			dstSubfolderSpec = 0;
			files = (
			);
			runOnlyForDeploymentPostprocessing = 1;
		};
		06F715FB22F94D7600B876A5 /* CopyFiles */ = {
			isa = PBXCopyFilesBuildPhase;
			buildActionMask = 2147483647;
			dstPath = /usr/share/man/man1/;
			dstSubfolderSpec = 0;
			files = (
			);
			runOnlyForDeploymentPostprocessing = 1;
		};
/* End PBXCopyFilesBuildPhase section */

/* Begin PBXFileReference section */
		06F715E722F94CC500B876A5 /* 0804-网易互娱模拟-个人所得税 */ = {isa = PBXFileReference; explicitFileType = "compiled.mach-o.executable"; includeInIndex = 0; path = "0804-网易互娱模拟-个人所得税"; sourceTree = BUILT_PRODUCTS_DIR; };
		06F715E922F94CC500B876A5 /* main.cpp */ = {isa = PBXFileReference; lastKnownFileType = sourcecode.cpp.cpp; path = main.cpp; sourceTree = "<group>"; };
		06F715F222F94D1F00B876A5 /* 0804-网易互娱模拟-字符串缩写 */ = {isa = PBXFileReference; explicitFileType = "compiled.mach-o.executable"; includeInIndex = 0; path = "0804-网易互娱模拟-字符串缩写"; sourceTree = BUILT_PRODUCTS_DIR; };
		06F715F422F94D1F00B876A5 /* main.cpp */ = {isa = PBXFileReference; lastKnownFileType = sourcecode.cpp.cpp; path = main.cpp; sourceTree = "<group>"; };
		06F715FD22F94D7600B876A5 /* 0804-网易互娱模拟-组合进制串求原数 */ = {isa = PBXFileReference; explicitFileType = "compiled.mach-o.executable"; includeInIndex = 0; path = "0804-网易互娱模拟-组合进制串求原数"; sourceTree = BUILT_PRODUCTS_DIR; };
		06F715FF22F94D7600B876A5 /* main.cpp */ = {isa = PBXFileReference; lastKnownFileType = sourcecode.cpp.cpp; path = main.cpp; sourceTree = "<group>"; };
/* End PBXFileReference section */

/* Begin PBXFrameworksBuildPhase section */
		06F715E422F94CC500B876A5 /* Frameworks */ = {
			isa = PBXFrameworksBuildPhase;
			buildActionMask = 2147483647;
			files = (
			);
			runOnlyForDeploymentPostprocessing = 0;
		};
		06F715EF22F94D1F00B876A5 /* Frameworks */ = {
			isa = PBXFrameworksBuildPhase;
			buildActionMask = 2147483647;
			files = (
			);
			runOnlyForDeploymentPostprocessing = 0;
		};
		06F715FA22F94D7600B876A5 /* Frameworks */ = {
			isa = PBXFrameworksBuildPhase;
			buildActionMask = 2147483647;
			files = (
			);
			runOnlyForDeploymentPostprocessing = 0;
		};
/* End PBXFrameworksBuildPhase section */

/* Begin PBXGroup section */
		06F715A222F92CE800B876A5 = {
			isa = PBXGroup;
			children = (
				06F715E822F94CC500B876A5 /* 0804-网易互娱模拟-个人所得税 */,
				06F715F322F94D1F00B876A5 /* 0804-网易互娱模拟-字符串缩写 */,
				06F715FE22F94D7600B876A5 /* 0804-网易互娱模拟-组合进制串求原数 */,
				06F715AC22F92CE800B876A5 /* Products */,
			);
			sourceTree = "<group>";
		};
		06F715AC22F92CE800B876A5 /* Products */ = {
			isa = PBXGroup;
			children = (
				06F715E722F94CC500B876A5 /* 0804-网易互娱模拟-个人所得税 */,
				06F715F222F94D1F00B876A5 /* 0804-网易互娱模拟-字符串缩写 */,
				06F715FD22F94D7600B876A5 /* 0804-网易互娱模拟-组合进制串求原数 */,
			);
			name = Products;
			sourceTree = "<group>";
		};
		06F715E822F94CC500B876A5 /* 0804-网易互娱模拟-个人所得税 */ = {
			isa = PBXGroup;
			children = (
				06F715E922F94CC500B876A5 /* main.cpp */,
			);
			path = "0804-网易互娱模拟-个人所得税";
			sourceTree = "<group>";
		};
		06F715F322F94D1F00B876A5 /* 0804-网易互娱模拟-字符串缩写 */ = {
			isa = PBXGroup;
			children = (
				06F715F422F94D1F00B876A5 /* main.cpp */,
			);
			path = "0804-网易互娱模拟-字符串缩写";
			sourceTree = "<group>";
		};
		06F715FE22F94D7600B876A5 /* 0804-网易互娱模拟-组合进制串求原数 */ = {
			isa = PBXGroup;
			children = (
				06F715FF22F94D7600B876A5 /* main.cpp */,
			);
			path = "0804-网易互娱模拟-组合进制串求原数";
			sourceTree = "<group>";
		};
/* End PBXGroup section */

/* Begin PBXNativeTarget section */
		06F715E622F94CC500B876A5 /* 0804-网易互娱模拟-个人所得税 */ = {
			isa = PBXNativeTarget;
			buildConfigurationList = 06F715EB22F94CC500B876A5 /* Build configuration list for PBXNativeTarget "0804-网易互娱模拟-个人所得税" */;
			buildPhases = (
				06F715E322F94CC500B876A5 /* Sources */,
				06F715E422F94CC500B876A5 /* Frameworks */,
				06F715E522F94CC500B876A5 /* CopyFiles */,
			);
			buildRules = (
			);
			dependencies = (
			);
			name = "0804-网易互娱模拟-个人所得税";
			productName = "0804-网易互娱模拟-个人所得税";
			productReference = 06F715E722F94CC500B876A5 /* 0804-网易互娱模拟-个人所得税 */;
			productType = "com.apple.product-type.tool";
		};
		06F715F122F94D1F00B876A5 /* 0804-网易互娱模拟-字符串缩写 */ = {
			isa = PBXNativeTarget;
			buildConfigurationList = 06F715F622F94D1F00B876A5 /* Build configuration list for PBXNativeTarget "0804-网易互娱模拟-字符串缩写" */;
			buildPhases = (
				06F715EE22F94D1F00B876A5 /* Sources */,
				06F715EF22F94D1F00B876A5 /* Frameworks */,
				06F715F022F94D1F00B876A5 /* CopyFiles */,
			);
			buildRules = (
			);
			dependencies = (
			);
			name = "0804-网易互娱模拟-字符串缩写";
			productName = "0804-网易互娱模拟-字符串缩写";
			productReference = 06F715F222F94D1F00B876A5 /* 0804-网易互娱模拟-字符串缩写 */;
			productType = "com.apple.product-type.tool";
		};
		06F715FC22F94D7600B876A5 /* 0804-网易互娱模拟-组合进制串求原数 */ = {
			isa = PBXNativeTarget;
			buildConfigurationList = 06F7160122F94D7600B876A5 /* Build configuration list for PBXNativeTarget "0804-网易互娱模拟-组合进制串求原数" */;
			buildPhases = (
				06F715F922F94D7600B876A5 /* Sources */,
				06F715FA22F94D7600B876A5 /* Frameworks */,
				06F715FB22F94D7600B876A5 /* CopyFiles */,
			);
			buildRules = (
			);
			dependencies = (
			);
			name = "0804-网易互娱模拟-组合进制串求原数";
			productName = "0804-网易互娱模拟-组合进制串求原数";
			productReference = 06F715FD22F94D7600B876A5 /* 0804-网易互娱模拟-组合进制串求原数 */;
			productType = "com.apple.product-type.tool";
		};
/* End PBXNativeTarget section */

/* Begin PBXProject section */
		06F715A322F92CE800B876A5 /* Project object */ = {
			isa = PBXProject;
			attributes = {
				LastUpgradeCheck = 1030;
				ORGANIZATIONNAME = "刘文斌";
				TargetAttributes = {
					06F715E622F94CC500B876A5 = {
						CreatedOnToolsVersion = 10.3;
					};
					06F715F122F94D1F00B876A5 = {
						CreatedOnToolsVersion = 10.3;
					};
					06F715FC22F94D7600B876A5 = {
						CreatedOnToolsVersion = 10.3;
					};
				};
			};
			buildConfigurationList = 06F715A622F92CE800B876A5 /* Build configuration list for PBXProject "0804-网易互娱模拟" */;
			compatibilityVersion = "Xcode 9.3";
			developmentRegion = en;
			hasScannedForEncodings = 0;
			knownRegions = (
				en,
			);
			mainGroup = 06F715A222F92CE800B876A5;
			productRefGroup = 06F715AC22F92CE800B876A5 /* Products */;
			projectDirPath = "";
			projectRoot = "";
			targets = (
				06F715E622F94CC500B876A5 /* 0804-网易互娱模拟-个人所得税 */,
				06F715F122F94D1F00B876A5 /* 0804-网易互娱模拟-字符串缩写 */,
				06F715FC22F94D7600B876A5 /* 0804-网易互娱模拟-组合进制串求原数 */,
			);
		};
/* End PBXProject section */

/* Begin PBXSourcesBuildPhase section */
		06F715E322F94CC500B876A5 /* Sources */ = {
			isa = PBXSourcesBuildPhase;
			buildActionMask = 2147483647;
			files = (
				06F715EA22F94CC500B876A5 /* main.cpp in Sources */,
			);
			runOnlyForDeploymentPostprocessing = 0;
		};
		06F715EE22F94D1F00B876A5 /* Sources */ = {
			isa = PBXSourcesBuildPhase;
			buildActionMask = 2147483647;
			files = (
				06F715F522F94D1F00B876A5 /* main.cpp in Sources */,
			);
			runOnlyForDeploymentPostprocessing = 0;
		};
		06F715F922F94D7600B876A5 /* Sources */ = {
			isa = PBXSourcesBuildPhase;
			buildActionMask = 2147483647;
			files = (
				06F7160022F94D7600B876A5 /* main.cpp in Sources */,
			);
			runOnlyForDeploymentPostprocessing = 0;
		};
/* End PBXSourcesBuildPhase section */

/* Begin XCBuildConfiguration section */
		06F715B022F92CE800B876A5 /* Debug */ = {
			isa = XCBuildConfiguration;
			buildSettings = {
				ALWAYS_SEARCH_USER_PATHS = NO;
				CLANG_ANALYZER_NONNULL = YES;
				CLANG_ANALYZER_NUMBER_OBJECT_CONVERSION = YES_AGGRESSIVE;
				CLANG_CXX_LANGUAGE_STANDARD = "gnu++14";
				CLANG_CXX_LIBRARY = "libc++";
				CLANG_ENABLE_MODULES = YES;
				CLANG_ENABLE_OBJC_ARC = YES;
				CLANG_ENABLE_OBJC_WEAK = YES;
				CLANG_WARN_BLOCK_CAPTURE_AUTORELEASING = YES;
				CLANG_WARN_BOOL_CONVERSION = YES;
				CLANG_WARN_COMMA = YES;
				CLANG_WARN_CONSTANT_CONVERSION = YES;
				CLANG_WARN_DEPRECATED_OBJC_IMPLEMENTATIONS = YES;
				CLANG_WARN_DIRECT_OBJC_ISA_USAGE = YES_ERROR;
				CLANG_WARN_DOCUMENTATION_COMMENTS = YES;
				CLANG_WARN_EMPTY_BODY = YES;
				CLANG_WARN_ENUM_CONVERSION = YES;
				CLANG_WARN_INFINITE_RECURSION = YES;
				CLANG_WARN_INT_CONVERSION = YES;
				CLANG_WARN_NON_LITERAL_NULL_CONVERSION = YES;
				CLANG_WARN_OBJC_IMPLICIT_RETAIN_SELF = YES;
				CLANG_WARN_OBJC_LITERAL_CONVERSION = YES;
				CLANG_WARN_OBJC_ROOT_CLASS = YES_ERROR;
				CLANG_WARN_RANGE_LOOP_ANALYSIS = YES;
				CLANG_WARN_STRICT_PROTOTYPES = YES;
				CLANG_WARN_SUSPICIOUS_MOVE = YES;
				CLANG_WARN_UNGUARDED_AVAILABILITY = YES_AGGRESSIVE;
				CLANG_WARN_UNREACHABLE_CODE = YES;
				CLANG_WARN__DUPLICATE_METHOD_MATCH = YES;
				CODE_SIGN_IDENTITY = "Mac Developer";
				COPY_PHASE_STRIP = NO;
				DEBUG_INFORMATION_FORMAT = dwarf;
				ENABLE_STRICT_OBJC_MSGSEND = YES;
				ENABLE_TESTABILITY = YES;
				GCC_C_LANGUAGE_STANDARD = gnu11;
				GCC_DYNAMIC_NO_PIC = NO;
				GCC_NO_COMMON_BLOCKS = YES;
				GCC_OPTIMIZATION_LEVEL = 0;
				GCC_PREPROCESSOR_DEFINITIONS = (
					"DEBUG=1",
					"$(inherited)",
				);
				GCC_WARN_64_TO_32_BIT_CONVERSION = YES;
				GCC_WARN_ABOUT_RETURN_TYPE = YES_ERROR;
				GCC_WARN_UNDECLARED_SELECTOR = YES;
				GCC_WARN_UNINITIALIZED_AUTOS = YES_AGGRESSIVE;
				GCC_WARN_UNUSED_FUNCTION = YES;
				GCC_WARN_UNUSED_VARIABLE = YES;
				MACOSX_DEPLOYMENT_TARGET = 10.14;
				MTL_ENABLE_DEBUG_INFO = INCLUDE_SOURCE;
				MTL_FAST_MATH = YES;
				ONLY_ACTIVE_ARCH = YES;
				SDKROOT = macosx;
			};
			name = Debug;
		};
		06F715B122F92CE800B876A5 /* Release */ = {
			isa = XCBuildConfiguration;
			buildSettings = {
				ALWAYS_SEARCH_USER_PATHS = NO;
				CLANG_ANALYZER_NONNULL = YES;
				CLANG_ANALYZER_NUMBER_OBJECT_CONVERSION = YES_AGGRESSIVE;
				CLANG_CXX_LANGUAGE_STANDARD = "gnu++14";
				CLANG_CXX_LIBRARY = "libc++";
				CLANG_ENABLE_MODULES = YES;
				CLANG_ENABLE_OBJC_ARC = YES;
				CLANG_ENABLE_OBJC_WEAK = YES;
				CLANG_WARN_BLOCK_CAPTURE_AUTORELEASING = YES;
				CLANG_WARN_BOOL_CONVERSION = YES;
				CLANG_WARN_COMMA = YES;
				CLANG_WARN_CONSTANT_CONVERSION = YES;
				CLANG_WARN_DEPRECATED_OBJC_IMPLEMENTATIONS = YES;
				CLANG_WARN_DIRECT_OBJC_ISA_USAGE = YES_ERROR;
				CLANG_WARN_DOCUMENTATION_COMMENTS = YES;
				CLANG_WARN_EMPTY_BODY = YES;
				CLANG_WARN_ENUM_CONVERSION = YES;
				CLANG_WARN_INFINITE_RECURSION = YES;
				CLANG_WARN_INT_CONVERSION = YES;
				CLANG_WARN_NON_LITERAL_NULL_CONVERSION = YES;
				CLANG_WARN_OBJC_IMPLICIT_RETAIN_SELF = YES;
				CLANG_WARN_OBJC_LITERAL_CONVERSION = YES;
				CLANG_WARN_OBJC_ROOT_CLASS = YES_ERROR;
				CLANG_WARN_RANGE_LOOP_ANALYSIS = YES;
				CLANG_WARN_STRICT_PROTOTYPES = YES;
				CLANG_WARN_SUSPICIOUS_MOVE = YES;
				CLANG_WARN_UNGUARDED_AVAILABILITY = YES_AGGRESSIVE;
				CLANG_WARN_UNREACHABLE_CODE = YES;
				CLANG_WARN__DUPLICATE_METHOD_MATCH = YES;
				CODE_SIGN_IDENTITY = "Mac Developer";
				COPY_PHASE_STRIP = NO;
				DEBUG_INFORMATION_FORMAT = "dwarf-with-dsym";
				ENABLE_NS_ASSERTIONS = NO;
				ENABLE_STRICT_OBJC_MSGSEND = YES;
				GCC_C_LANGUAGE_STANDARD = gnu11;
				GCC_NO_COMMON_BLOCKS = YES;
				GCC_WARN_64_TO_32_BIT_CONVERSION = YES;
				GCC_WARN_ABOUT_RETURN_TYPE = YES_ERROR;
				GCC_WARN_UNDECLARED_SELECTOR = YES;
				GCC_WARN_UNINITIALIZED_AUTOS = YES_AGGRESSIVE;
				GCC_WARN_UNUSED_FUNCTION = YES;
				GCC_WARN_UNUSED_VARIABLE = YES;
				MACOSX_DEPLOYMENT_TARGET = 10.14;
				MTL_ENABLE_DEBUG_INFO = NO;
				MTL_FAST_MATH = YES;
				SDKROOT = macosx;
			};
			name = Release;
		};
		06F715EC22F94CC500B876A5 /* Debug */ = {
			isa = XCBuildConfiguration;
			buildSettings = {
				CODE_SIGN_STYLE = Automatic;
				DEVELOPMENT_TEAM = GDDTF6824M;
				PRODUCT_NAME = "$(TARGET_NAME)";
			};
			name = Debug;
		};
		06F715ED22F94CC500B876A5 /* Release */ = {
			isa = XCBuildConfiguration;
			buildSettings = {
				CODE_SIGN_STYLE = Automatic;
				DEVELOPMENT_TEAM = GDDTF6824M;
				PRODUCT_NAME = "$(TARGET_NAME)";
			};
			name = Release;
		};
		06F715F722F94D1F00B876A5 /* Debug */ = {
			isa = XCBuildConfiguration;
			buildSettings = {
				CODE_SIGN_STYLE = Automatic;
				DEVELOPMENT_TEAM = GDDTF6824M;
				PRODUCT_NAME = "$(TARGET_NAME)";
			};
			name = Debug;
		};
		06F715F822F94D1F00B876A5 /* Release */ = {
			isa = XCBuildConfiguration;
			buildSettings = {
				CODE_SIGN_STYLE = Automatic;
				DEVELOPMENT_TEAM = GDDTF6824M;
				PRODUCT_NAME = "$(TARGET_NAME)";
			};
			name = Release;
		};
		06F7160222F94D7600B876A5 /* Debug */ = {
			isa = XCBuildConfiguration;
			buildSettings = {
				CODE_SIGN_STYLE = Automatic;
				DEVELOPMENT_TEAM = GDDTF6824M;
				PRODUCT_NAME = "$(TARGET_NAME)";
			};
			name = Debug;
		};
		06F7160322F94D7600B876A5 /* Release */ = {
			isa = XCBuildConfiguration;
			buildSettings = {
				CODE_SIGN_STYLE = Automatic;
				DEVELOPMENT_TEAM = GDDTF6824M;
				PRODUCT_NAME = "$(TARGET_NAME)";
			};
			name = Release;
		};
/* End XCBuildConfiguration section */

/* Begin XCConfigurationList section */
		06F715A622F92CE800B876A5 /* Build configuration list for PBXProject "0804-网易互娱模拟" */ = {
			isa = XCConfigurationList;
			buildConfigurations = (
				06F715B022F92CE800B876A5 /* Debug */,
				06F715B122F92CE800B876A5 /* Release */,
			);
			defaultConfigurationIsVisible = 0;
			defaultConfigurationName = Release;
		};
		06F715EB22F94CC500B876A5 /* Build configuration list for PBXNativeTarget "0804-网易互娱模拟-个人所得税" */ = {
			isa = XCConfigurationList;
			buildConfigurations = (
				06F715EC22F94CC500B876A5 /* Debug */,
				06F715ED22F94CC500B876A5 /* Release */,
			);
			defaultConfigurationIsVisible = 0;
			defaultConfigurationName = Release;
		};
		06F715F622F94D1F00B876A5 /* Build configuration list for PBXNativeTarget "0804-网易互娱模拟-字符串缩写" */ = {
			isa = XCConfigurationList;
			buildConfigurations = (
				06F715F722F94D1F00B876A5 /* Debug */,
				06F715F822F94D1F00B876A5 /* Release */,
			);
			defaultConfigurationIsVisible = 0;
			defaultConfigurationName = Release;
		};
		06F7160122F94D7600B876A5 /* Build configuration list for PBXNativeTarget "0804-网易互娱模拟-组合进制串求原数" */ = {
			isa = XCConfigurationList;
			buildConfigurations = (
				06F7160222F94D7600B876A5 /* Debug */,
				06F7160322F94D7600B876A5 /* Release */,
			);
			defaultConfigurationIsVisible = 0;
			defaultConfigurationName = Release;
		};
/* End XCConfigurationList section */
	};
	rootObject = 06F715A322F92CE800B876A5 /* Project object */;
}
