// !$*UTF8*$!
{
	archiveVersion = 1;
	classes = {
	};
	objectVersion = 50;
	objects = {

/* Begin PBXBuildFile section */
		06906FED22FAE83100BDEDDB /* main.cpp in Sources */ = {isa = PBXBuildFile; fileRef = 06906FEC22FAE83100BDEDDB /* main.cpp */; };
		06906FF822FAF4A300BDEDDB /* main.cpp in Sources */ = {isa = PBXBuildFile; fileRef = 06906FF722FAF4A300BDEDDB /* main.cpp */; };
		06D7B34A231A8BAC00E790B6 /* main.cpp in Sources */ = {isa = PBXBuildFile; fileRef = 06D7B349231A8BAC00E790B6 /* main.cpp */; };
		06D7B355231A902F00E790B6 /* main.cpp in Sources */ = {isa = PBXBuildFile; fileRef = 06D7B354231A902F00E790B6 /* main.cpp */; };
		06D7B360231A91B700E790B6 /* main.cpp in Sources */ = {isa = PBXBuildFile; fileRef = 06D7B35F231A91B700E790B6 /* main.cpp */; };
/* End PBXBuildFile section */

/* Begin PBXCopyFilesBuildPhase section */
		06906FE822FAE83100BDEDDB /* CopyFiles */ = {
			isa = PBXCopyFilesBuildPhase;
			buildActionMask = 2147483647;
			dstPath = /usr/share/man/man1/;
			dstSubfolderSpec = 0;
			files = (
			);
			runOnlyForDeploymentPostprocessing = 1;
		};
		06906FF322FAF4A300BDEDDB /* CopyFiles */ = {
			isa = PBXCopyFilesBuildPhase;
			buildActionMask = 2147483647;
			dstPath = /usr/share/man/man1/;
			dstSubfolderSpec = 0;
			files = (
			);
			runOnlyForDeploymentPostprocessing = 1;
		};
		06D7B345231A8BAC00E790B6 /* CopyFiles */ = {
			isa = PBXCopyFilesBuildPhase;
			buildActionMask = 2147483647;
			dstPath = /usr/share/man/man1/;
			dstSubfolderSpec = 0;
			files = (
			);
			runOnlyForDeploymentPostprocessing = 1;
		};
		06D7B350231A902F00E790B6 /* CopyFiles */ = {
			isa = PBXCopyFilesBuildPhase;
			buildActionMask = 2147483647;
			dstPath = /usr/share/man/man1/;
			dstSubfolderSpec = 0;
			files = (
			);
			runOnlyForDeploymentPostprocessing = 1;
		};
		06D7B35B231A91B700E790B6 /* CopyFiles */ = {
			isa = PBXCopyFilesBuildPhase;
			buildActionMask = 2147483647;
			dstPath = /usr/share/man/man1/;
			dstSubfolderSpec = 0;
			files = (
			);
			runOnlyForDeploymentPostprocessing = 1;
		};
/* End PBXCopyFilesBuildPhase section */

/* Begin PBXFileReference section */
		06906FEA22FAE83100BDEDDB /* 0807-华为-可用字符集 */ = {isa = PBXFileReference; explicitFileType = "compiled.mach-o.executable"; includeInIndex = 0; path = "0807-华为-可用字符集"; sourceTree = BUILT_PRODUCTS_DIR; };
		06906FEC22FAE83100BDEDDB /* main.cpp */ = {isa = PBXFileReference; lastKnownFileType = sourcecode.cpp.cpp; path = main.cpp; sourceTree = "<group>"; };
		06906FF522FAF4A300BDEDDB /* 0807-华为-前缀树查找 */ = {isa = PBXFileReference; explicitFileType = "compiled.mach-o.executable"; includeInIndex = 0; path = "0807-华为-前缀树查找"; sourceTree = BUILT_PRODUCTS_DIR; };
		06906FF722FAF4A300BDEDDB /* main.cpp */ = {isa = PBXFileReference; lastKnownFileType = sourcecode.cpp.cpp; path = main.cpp; sourceTree = "<group>"; };
		06D7B347231A8BAC00E790B6 /* 0831-华为-二进制比特出现次数 */ = {isa = PBXFileReference; explicitFileType = "compiled.mach-o.executable"; includeInIndex = 0; path = "0831-华为-二进制比特出现次数"; sourceTree = BUILT_PRODUCTS_DIR; };
		06D7B349231A8BAC00E790B6 /* main.cpp */ = {isa = PBXFileReference; lastKnownFileType = sourcecode.cpp.cpp; path = main.cpp; sourceTree = "<group>"; };
		06D7B352231A902F00E790B6 /* 0831-华为-字符串解析 */ = {isa = PBXFileReference; explicitFileType = "compiled.mach-o.executable"; includeInIndex = 0; path = "0831-华为-字符串解析"; sourceTree = BUILT_PRODUCTS_DIR; };
		06D7B354231A902F00E790B6 /* main.cpp */ = {isa = PBXFileReference; lastKnownFileType = sourcecode.cpp.cpp; path = main.cpp; sourceTree = "<group>"; };
		06D7B35D231A91B700E790B6 /* 0831-华为-N度好友 */ = {isa = PBXFileReference; explicitFileType = "compiled.mach-o.executable"; includeInIndex = 0; path = "0831-华为-N度好友"; sourceTree = BUILT_PRODUCTS_DIR; };
		06D7B35F231A91B700E790B6 /* main.cpp */ = {isa = PBXFileReference; lastKnownFileType = sourcecode.cpp.cpp; path = main.cpp; sourceTree = "<group>"; };
/* End PBXFileReference section */

/* Begin PBXFrameworksBuildPhase section */
		06906FE722FAE83100BDEDDB /* Frameworks */ = {
			isa = PBXFrameworksBuildPhase;
			buildActionMask = 2147483647;
			files = (
			);
			runOnlyForDeploymentPostprocessing = 0;
		};
		06906FF222FAF4A300BDEDDB /* Frameworks */ = {
			isa = PBXFrameworksBuildPhase;
			buildActionMask = 2147483647;
			files = (
			);
			runOnlyForDeploymentPostprocessing = 0;
		};
		06D7B344231A8BAC00E790B6 /* Frameworks */ = {
			isa = PBXFrameworksBuildPhase;
			buildActionMask = 2147483647;
			files = (
			);
			runOnlyForDeploymentPostprocessing = 0;
		};
		06D7B34F231A902F00E790B6 /* Frameworks */ = {
			isa = PBXFrameworksBuildPhase;
			buildActionMask = 2147483647;
			files = (
			);
			runOnlyForDeploymentPostprocessing = 0;
		};
		06D7B35A231A91B700E790B6 /* Frameworks */ = {
			isa = PBXFrameworksBuildPhase;
			buildActionMask = 2147483647;
			files = (
			);
			runOnlyForDeploymentPostprocessing = 0;
		};
/* End PBXFrameworksBuildPhase section */

/* Begin PBXGroup section */
		06906FD322FAE44A00BDEDDB = {
			isa = PBXGroup;
			children = (
				06906FEB22FAE83100BDEDDB /* 0807-华为-可用字符集 */,
				06906FF622FAF4A300BDEDDB /* 0807-华为-前缀树查找 */,
				06D7B348231A8BAC00E790B6 /* 0831-华为-二进制比特出现次数 */,
				06D7B353231A902F00E790B6 /* 0831-华为-字符串解析 */,
				06D7B35E231A91B700E790B6 /* 0831-华为-N度好友 */,
				06906FDD22FAE44A00BDEDDB /* Products */,
			);
			sourceTree = "<group>";
		};
		06906FDD22FAE44A00BDEDDB /* Products */ = {
			isa = PBXGroup;
			children = (
				06906FEA22FAE83100BDEDDB /* 0807-华为-可用字符集 */,
				06906FF522FAF4A300BDEDDB /* 0807-华为-前缀树查找 */,
				06D7B347231A8BAC00E790B6 /* 0831-华为-二进制比特出现次数 */,
				06D7B352231A902F00E790B6 /* 0831-华为-字符串解析 */,
				06D7B35D231A91B700E790B6 /* 0831-华为-N度好友 */,
			);
			name = Products;
			sourceTree = "<group>";
		};
		06906FEB22FAE83100BDEDDB /* 0807-华为-可用字符集 */ = {
			isa = PBXGroup;
			children = (
				06906FEC22FAE83100BDEDDB /* main.cpp */,
			);
			path = "0807-华为-可用字符集";
			sourceTree = "<group>";
		};
		06906FF622FAF4A300BDEDDB /* 0807-华为-前缀树查找 */ = {
			isa = PBXGroup;
			children = (
				06906FF722FAF4A300BDEDDB /* main.cpp */,
			);
			path = "0807-华为-前缀树查找";
			sourceTree = "<group>";
		};
		06D7B348231A8BAC00E790B6 /* 0831-华为-二进制比特出现次数 */ = {
			isa = PBXGroup;
			children = (
				06D7B349231A8BAC00E790B6 /* main.cpp */,
			);
			path = "0831-华为-二进制比特出现次数";
			sourceTree = "<group>";
		};
		06D7B353231A902F00E790B6 /* 0831-华为-字符串解析 */ = {
			isa = PBXGroup;
			children = (
				06D7B354231A902F00E790B6 /* main.cpp */,
			);
			path = "0831-华为-字符串解析";
			sourceTree = "<group>";
		};
		06D7B35E231A91B700E790B6 /* 0831-华为-N度好友 */ = {
			isa = PBXGroup;
			children = (
				06D7B35F231A91B700E790B6 /* main.cpp */,
			);
			path = "0831-华为-N度好友";
			sourceTree = "<group>";
		};
/* End PBXGroup section */

/* Begin PBXNativeTarget section */
		06906FE922FAE83100BDEDDB /* 0807-华为-可用字符集 */ = {
			isa = PBXNativeTarget;
			buildConfigurationList = 06906FEE22FAE83100BDEDDB /* Build configuration list for PBXNativeTarget "0807-华为-可用字符集" */;
			buildPhases = (
				06906FE622FAE83100BDEDDB /* Sources */,
				06906FE722FAE83100BDEDDB /* Frameworks */,
				06906FE822FAE83100BDEDDB /* CopyFiles */,
			);
			buildRules = (
			);
			dependencies = (
			);
			name = "0807-华为-可用字符集";
			productName = "0807-华为-可用字符集";
			productReference = 06906FEA22FAE83100BDEDDB /* 0807-华为-可用字符集 */;
			productType = "com.apple.product-type.tool";
		};
		06906FF422FAF4A300BDEDDB /* 0807-华为-前缀树查找 */ = {
			isa = PBXNativeTarget;
			buildConfigurationList = 06906FF922FAF4A300BDEDDB /* Build configuration list for PBXNativeTarget "0807-华为-前缀树查找" */;
			buildPhases = (
				06906FF122FAF4A300BDEDDB /* Sources */,
				06906FF222FAF4A300BDEDDB /* Frameworks */,
				06906FF322FAF4A300BDEDDB /* CopyFiles */,
			);
			buildRules = (
			);
			dependencies = (
			);
			name = "0807-华为-前缀树查找";
			productName = "0807-华为-前缀树查找";
			productReference = 06906FF522FAF4A300BDEDDB /* 0807-华为-前缀树查找 */;
			productType = "com.apple.product-type.tool";
		};
		06D7B346231A8BAC00E790B6 /* 0831-华为-二进制比特出现次数 */ = {
			isa = PBXNativeTarget;
			buildConfigurationList = 06D7B34D231A8BAC00E790B6 /* Build configuration list for PBXNativeTarget "0831-华为-二进制比特出现次数" */;
			buildPhases = (
				06D7B343231A8BAC00E790B6 /* Sources */,
				06D7B344231A8BAC00E790B6 /* Frameworks */,
				06D7B345231A8BAC00E790B6 /* CopyFiles */,
			);
			buildRules = (
			);
			dependencies = (
			);
			name = "0831-华为-二进制比特出现次数";
			productName = "0831-华为-二进制比特出现次数";
			productReference = 06D7B347231A8BAC00E790B6 /* 0831-华为-二进制比特出现次数 */;
			productType = "com.apple.product-type.tool";
		};
		06D7B351231A902F00E790B6 /* 0831-华为-字符串解析 */ = {
			isa = PBXNativeTarget;
			buildConfigurationList = 06D7B356231A902F00E790B6 /* Build configuration list for PBXNativeTarget "0831-华为-字符串解析" */;
			buildPhases = (
				06D7B34E231A902F00E790B6 /* Sources */,
				06D7B34F231A902F00E790B6 /* Frameworks */,
				06D7B350231A902F00E790B6 /* CopyFiles */,
			);
			buildRules = (
			);
			dependencies = (
			);
			name = "0831-华为-字符串解析";
			productName = "0831-华为-字符串解析";
			productReference = 06D7B352231A902F00E790B6 /* 0831-华为-字符串解析 */;
			productType = "com.apple.product-type.tool";
		};
		06D7B35C231A91B700E790B6 /* 0831-华为-N度好友 */ = {
			isa = PBXNativeTarget;
			buildConfigurationList = 06D7B361231A91B700E790B6 /* Build configuration list for PBXNativeTarget "0831-华为-N度好友" */;
			buildPhases = (
				06D7B359231A91B700E790B6 /* Sources */,
				06D7B35A231A91B700E790B6 /* Frameworks */,
				06D7B35B231A91B700E790B6 /* CopyFiles */,
			);
			buildRules = (
			);
			dependencies = (
			);
			name = "0831-华为-N度好友";
			productName = "0831-华为-N度好友";
			productReference = 06D7B35D231A91B700E790B6 /* 0831-华为-N度好友 */;
			productType = "com.apple.product-type.tool";
		};
/* End PBXNativeTarget section */

/* Begin PBXProject section */
		06906FD422FAE44A00BDEDDB /* Project object */ = {
			isa = PBXProject;
			attributes = {
				LastUpgradeCheck = 1030;
				ORGANIZATIONNAME = "刘文斌";
				TargetAttributes = {
					06906FE922FAE83100BDEDDB = {
						CreatedOnToolsVersion = 10.3;
					};
					06906FF422FAF4A300BDEDDB = {
						CreatedOnToolsVersion = 10.3;
					};
					06D7B346231A8BAC00E790B6 = {
						CreatedOnToolsVersion = 10.3;
					};
					06D7B351231A902F00E790B6 = {
						CreatedOnToolsVersion = 10.3;
					};
					06D7B35C231A91B700E790B6 = {
						CreatedOnToolsVersion = 10.3;
					};
				};
			};
			buildConfigurationList = 06906FD722FAE44A00BDEDDB /* Build configuration list for PBXProject "0807-华为" */;
			compatibilityVersion = "Xcode 9.3";
			developmentRegion = en;
			hasScannedForEncodings = 0;
			knownRegions = (
				en,
			);
			mainGroup = 06906FD322FAE44A00BDEDDB;
			productRefGroup = 06906FDD22FAE44A00BDEDDB /* Products */;
			projectDirPath = "";
			projectRoot = "";
			targets = (
				06906FE922FAE83100BDEDDB /* 0807-华为-可用字符集 */,
				06906FF422FAF4A300BDEDDB /* 0807-华为-前缀树查找 */,
				06D7B346231A8BAC00E790B6 /* 0831-华为-二进制比特出现次数 */,
				06D7B351231A902F00E790B6 /* 0831-华为-字符串解析 */,
				06D7B35C231A91B700E790B6 /* 0831-华为-N度好友 */,
			);
		};
/* End PBXProject section */

/* Begin PBXSourcesBuildPhase section */
		06906FE622FAE83100BDEDDB /* Sources */ = {
			isa = PBXSourcesBuildPhase;
			buildActionMask = 2147483647;
			files = (
				06906FED22FAE83100BDEDDB /* main.cpp in Sources */,
			);
			runOnlyForDeploymentPostprocessing = 0;
		};
		06906FF122FAF4A300BDEDDB /* Sources */ = {
			isa = PBXSourcesBuildPhase;
			buildActionMask = 2147483647;
			files = (
				06906FF822FAF4A300BDEDDB /* main.cpp in Sources */,
			);
			runOnlyForDeploymentPostprocessing = 0;
		};
		06D7B343231A8BAC00E790B6 /* Sources */ = {
			isa = PBXSourcesBuildPhase;
			buildActionMask = 2147483647;
			files = (
				06D7B34A231A8BAC00E790B6 /* main.cpp in Sources */,
			);
			runOnlyForDeploymentPostprocessing = 0;
		};
		06D7B34E231A902F00E790B6 /* Sources */ = {
			isa = PBXSourcesBuildPhase;
			buildActionMask = 2147483647;
			files = (
				06D7B355231A902F00E790B6 /* main.cpp in Sources */,
			);
			runOnlyForDeploymentPostprocessing = 0;
		};
		06D7B359231A91B700E790B6 /* Sources */ = {
			isa = PBXSourcesBuildPhase;
			buildActionMask = 2147483647;
			files = (
				06D7B360231A91B700E790B6 /* main.cpp in Sources */,
			);
			runOnlyForDeploymentPostprocessing = 0;
		};
/* End PBXSourcesBuildPhase section */

/* Begin XCBuildConfiguration section */
		06906FE122FAE44A00BDEDDB /* Debug */ = {
			isa = XCBuildConfiguration;
			buildSettings = {
				ALWAYS_SEARCH_USER_PATHS = NO;
				CLANG_ANALYZER_NONNULL = YES;
				CLANG_ANALYZER_NUMBER_OBJECT_CONVERSION = YES_AGGRESSIVE;
				CLANG_CXX_LANGUAGE_STANDARD = "gnu++14";
				CLANG_CXX_LIBRARY = "libc++";
				CLANG_ENABLE_MODULES = YES;
				CLANG_ENABLE_OBJC_ARC = YES;
				CLANG_ENABLE_OBJC_WEAK = YES;
				CLANG_WARN_BLOCK_CAPTURE_AUTORELEASING = YES;
				CLANG_WARN_BOOL_CONVERSION = YES;
				CLANG_WARN_COMMA = YES;
				CLANG_WARN_CONSTANT_CONVERSION = YES;
				CLANG_WARN_DEPRECATED_OBJC_IMPLEMENTATIONS = YES;
				CLANG_WARN_DIRECT_OBJC_ISA_USAGE = YES_ERROR;
				CLANG_WARN_DOCUMENTATION_COMMENTS = YES;
				CLANG_WARN_EMPTY_BODY = YES;
				CLANG_WARN_ENUM_CONVERSION = YES;
				CLANG_WARN_INFINITE_RECURSION = YES;
				CLANG_WARN_INT_CONVERSION = YES;
				CLANG_WARN_NON_LITERAL_NULL_CONVERSION = YES;
				CLANG_WARN_OBJC_IMPLICIT_RETAIN_SELF = YES;
				CLANG_WARN_OBJC_LITERAL_CONVERSION = YES;
				CLANG_WARN_OBJC_ROOT_CLASS = YES_ERROR;
				CLANG_WARN_RANGE_LOOP_ANALYSIS = YES;
				CLANG_WARN_STRICT_PROTOTYPES = YES;
				CLANG_WARN_SUSPICIOUS_MOVE = YES;
				CLANG_WARN_UNGUARDED_AVAILABILITY = YES_AGGRESSIVE;
				CLANG_WARN_UNREACHABLE_CODE = YES;
				CLANG_WARN__DUPLICATE_METHOD_MATCH = YES;
				CODE_SIGN_IDENTITY = "Mac Developer";
				COPY_PHASE_STRIP = NO;
				DEBUG_INFORMATION_FORMAT = dwarf;
				ENABLE_STRICT_OBJC_MSGSEND = YES;
				ENABLE_TESTABILITY = YES;
				GCC_C_LANGUAGE_STANDARD = gnu11;
				GCC_DYNAMIC_NO_PIC = NO;
				GCC_NO_COMMON_BLOCKS = YES;
				GCC_OPTIMIZATION_LEVEL = 0;
				GCC_PREPROCESSOR_DEFINITIONS = (
					"DEBUG=1",
					"$(inherited)",
				);
				GCC_WARN_64_TO_32_BIT_CONVERSION = YES;
				GCC_WARN_ABOUT_RETURN_TYPE = YES_ERROR;
				GCC_WARN_UNDECLARED_SELECTOR = YES;
				GCC_WARN_UNINITIALIZED_AUTOS = YES_AGGRESSIVE;
				GCC_WARN_UNUSED_FUNCTION = YES;
				GCC_WARN_UNUSED_VARIABLE = YES;
				MACOSX_DEPLOYMENT_TARGET = 10.14;
				MTL_ENABLE_DEBUG_INFO = INCLUDE_SOURCE;
				MTL_FAST_MATH = YES;
				ONLY_ACTIVE_ARCH = YES;
				SDKROOT = macosx;
			};
			name = Debug;
		};
		06906FE222FAE44A00BDEDDB /* Release */ = {
			isa = XCBuildConfiguration;
			buildSettings = {
				ALWAYS_SEARCH_USER_PATHS = NO;
				CLANG_ANALYZER_NONNULL = YES;
				CLANG_ANALYZER_NUMBER_OBJECT_CONVERSION = YES_AGGRESSIVE;
				CLANG_CXX_LANGUAGE_STANDARD = "gnu++14";
				CLANG_CXX_LIBRARY = "libc++";
				CLANG_ENABLE_MODULES = YES;
				CLANG_ENABLE_OBJC_ARC = YES;
				CLANG_ENABLE_OBJC_WEAK = YES;
				CLANG_WARN_BLOCK_CAPTURE_AUTORELEASING = YES;
				CLANG_WARN_BOOL_CONVERSION = YES;
				CLANG_WARN_COMMA = YES;
				CLANG_WARN_CONSTANT_CONVERSION = YES;
				CLANG_WARN_DEPRECATED_OBJC_IMPLEMENTATIONS = YES;
				CLANG_WARN_DIRECT_OBJC_ISA_USAGE = YES_ERROR;
				CLANG_WARN_DOCUMENTATION_COMMENTS = YES;
				CLANG_WARN_EMPTY_BODY = YES;
				CLANG_WARN_ENUM_CONVERSION = YES;
				CLANG_WARN_INFINITE_RECURSION = YES;
				CLANG_WARN_INT_CONVERSION = YES;
				CLANG_WARN_NON_LITERAL_NULL_CONVERSION = YES;
				CLANG_WARN_OBJC_IMPLICIT_RETAIN_SELF = YES;
				CLANG_WARN_OBJC_LITERAL_CONVERSION = YES;
				CLANG_WARN_OBJC_ROOT_CLASS = YES_ERROR;
				CLANG_WARN_RANGE_LOOP_ANALYSIS = YES;
				CLANG_WARN_STRICT_PROTOTYPES = YES;
				CLANG_WARN_SUSPICIOUS_MOVE = YES;
				CLANG_WARN_UNGUARDED_AVAILABILITY = YES_AGGRESSIVE;
				CLANG_WARN_UNREACHABLE_CODE = YES;
				CLANG_WARN__DUPLICATE_METHOD_MATCH = YES;
				CODE_SIGN_IDENTITY = "Mac Developer";
				COPY_PHASE_STRIP = NO;
				DEBUG_INFORMATION_FORMAT = "dwarf-with-dsym";
				ENABLE_NS_ASSERTIONS = NO;
				ENABLE_STRICT_OBJC_MSGSEND = YES;
				GCC_C_LANGUAGE_STANDARD = gnu11;
				GCC_NO_COMMON_BLOCKS = YES;
				GCC_WARN_64_TO_32_BIT_CONVERSION = YES;
				GCC_WARN_ABOUT_RETURN_TYPE = YES_ERROR;
				GCC_WARN_UNDECLARED_SELECTOR = YES;
				GCC_WARN_UNINITIALIZED_AUTOS = YES_AGGRESSIVE;
				GCC_WARN_UNUSED_FUNCTION = YES;
				GCC_WARN_UNUSED_VARIABLE = YES;
				MACOSX_DEPLOYMENT_TARGET = 10.14;
				MTL_ENABLE_DEBUG_INFO = NO;
				MTL_FAST_MATH = YES;
				SDKROOT = macosx;
			};
			name = Release;
		};
		06906FEF22FAE83100BDEDDB /* Debug */ = {
			isa = XCBuildConfiguration;
			buildSettings = {
				CODE_SIGN_STYLE = Automatic;
				DEVELOPMENT_TEAM = GDDTF6824M;
				PRODUCT_NAME = "$(TARGET_NAME)";
			};
			name = Debug;
		};
		06906FF022FAE83100BDEDDB /* Release */ = {
			isa = XCBuildConfiguration;
			buildSettings = {
				CODE_SIGN_STYLE = Automatic;
				DEVELOPMENT_TEAM = GDDTF6824M;
				PRODUCT_NAME = "$(TARGET_NAME)";
			};
			name = Release;
		};
		06906FFA22FAF4A300BDEDDB /* Debug */ = {
			isa = XCBuildConfiguration;
			buildSettings = {
				CODE_SIGN_STYLE = Automatic;
				DEVELOPMENT_TEAM = GDDTF6824M;
				PRODUCT_NAME = "$(TARGET_NAME)";
			};
			name = Debug;
		};
		06906FFB22FAF4A300BDEDDB /* Release */ = {
			isa = XCBuildConfiguration;
			buildSettings = {
				CODE_SIGN_STYLE = Automatic;
				DEVELOPMENT_TEAM = GDDTF6824M;
				PRODUCT_NAME = "$(TARGET_NAME)";
			};
			name = Release;
		};
		06D7B34B231A8BAC00E790B6 /* Debug */ = {
			isa = XCBuildConfiguration;
			buildSettings = {
				CODE_SIGN_STYLE = Automatic;
				DEVELOPMENT_TEAM = GDDTF6824M;
				PRODUCT_NAME = "$(TARGET_NAME)";
			};
			name = Debug;
		};
		06D7B34C231A8BAC00E790B6 /* Release */ = {
			isa = XCBuildConfiguration;
			buildSettings = {
				CODE_SIGN_STYLE = Automatic;
				DEVELOPMENT_TEAM = GDDTF6824M;
				PRODUCT_NAME = "$(TARGET_NAME)";
			};
			name = Release;
		};
		06D7B357231A902F00E790B6 /* Debug */ = {
			isa = XCBuildConfiguration;
			buildSettings = {
				CODE_SIGN_STYLE = Automatic;
				DEVELOPMENT_TEAM = GDDTF6824M;
				PRODUCT_NAME = "$(TARGET_NAME)";
			};
			name = Debug;
		};
		06D7B358231A902F00E790B6 /* Release */ = {
			isa = XCBuildConfiguration;
			buildSettings = {
				CODE_SIGN_STYLE = Automatic;
				DEVELOPMENT_TEAM = GDDTF6824M;
				PRODUCT_NAME = "$(TARGET_NAME)";
			};
			name = Release;
		};
		06D7B362231A91B700E790B6 /* Debug */ = {
			isa = XCBuildConfiguration;
			buildSettings = {
				CODE_SIGN_STYLE = Automatic;
				DEVELOPMENT_TEAM = GDDTF6824M;
				PRODUCT_NAME = "$(TARGET_NAME)";
			};
			name = Debug;
		};
		06D7B363231A91B700E790B6 /* Release */ = {
			isa = XCBuildConfiguration;
			buildSettings = {
				CODE_SIGN_STYLE = Automatic;
				DEVELOPMENT_TEAM = GDDTF6824M;
				PRODUCT_NAME = "$(TARGET_NAME)";
			};
			name = Release;
		};
/* End XCBuildConfiguration section */

/* Begin XCConfigurationList section */
		06906FD722FAE44A00BDEDDB /* Build configuration list for PBXProject "0807-华为" */ = {
			isa = XCConfigurationList;
			buildConfigurations = (
				06906FE122FAE44A00BDEDDB /* Debug */,
				06906FE222FAE44A00BDEDDB /* Release */,
			);
			defaultConfigurationIsVisible = 0;
			defaultConfigurationName = Release;
		};
		06906FEE22FAE83100BDEDDB /* Build configuration list for PBXNativeTarget "0807-华为-可用字符集" */ = {
			isa = XCConfigurationList;
			buildConfigurations = (
				06906FEF22FAE83100BDEDDB /* Debug */,
				06906FF022FAE83100BDEDDB /* Release */,
			);
			defaultConfigurationIsVisible = 0;
			defaultConfigurationName = Release;
		};
		06906FF922FAF4A300BDEDDB /* Build configuration list for PBXNativeTarget "0807-华为-前缀树查找" */ = {
			isa = XCConfigurationList;
			buildConfigurations = (
				06906FFA22FAF4A300BDEDDB /* Debug */,
				06906FFB22FAF4A300BDEDDB /* Release */,
			);
			defaultConfigurationIsVisible = 0;
			defaultConfigurationName = Release;
		};
		06D7B34D231A8BAC00E790B6 /* Build configuration list for PBXNativeTarget "0831-华为-二进制比特出现次数" */ = {
			isa = XCConfigurationList;
			buildConfigurations = (
				06D7B34B231A8BAC00E790B6 /* Debug */,
				06D7B34C231A8BAC00E790B6 /* Release */,
			);
			defaultConfigurationIsVisible = 0;
			defaultConfigurationName = Release;
		};
		06D7B356231A902F00E790B6 /* Build configuration list for PBXNativeTarget "0831-华为-字符串解析" */ = {
			isa = XCConfigurationList;
			buildConfigurations = (
				06D7B357231A902F00E790B6 /* Debug */,
				06D7B358231A902F00E790B6 /* Release */,
			);
			defaultConfigurationIsVisible = 0;
			defaultConfigurationName = Release;
		};
		06D7B361231A91B700E790B6 /* Build configuration list for PBXNativeTarget "0831-华为-N度好友" */ = {
			isa = XCConfigurationList;
			buildConfigurations = (
				06D7B362231A91B700E790B6 /* Debug */,
				06D7B363231A91B700E790B6 /* Release */,
			);
			defaultConfigurationIsVisible = 0;
			defaultConfigurationName = Release;
		};
/* End XCConfigurationList section */
	};
	rootObject = 06906FD422FAE44A00BDEDDB /* Project object */;
}
