// !$*UTF8*$!
{
	archiveVersion = 1;
	classes = {
	};
	objectVersion = 50;
	objects = {

/* Begin PBXBuildFile section */
		063DE39D231A657000BA4C7C /* main.cpp in Sources */ = {isa = PBXBuildFile; fileRef = 063DE39C231A657000BA4C7C /* main.cpp */; };
		063DE3AA231A6CE000BA4C7C /* main.cpp in Sources */ = {isa = PBXBuildFile; fileRef = 063DE3A9231A6CE000BA4C7C /* main.cpp */; };
/* End PBXBuildFile section */

/* Begin PBXCopyFilesBuildPhase section */
		063DE397231A657000BA4C7C /* CopyFiles */ = {
			isa = PBXCopyFilesBuildPhase;
			buildActionMask = 2147483647;
			dstPath = /usr/share/man/man1/;
			dstSubfolderSpec = 0;
			files = (
			);
			runOnlyForDeploymentPostprocessing = 1;
		};
		063DE3A5231A6CE000BA4C7C /* CopyFiles */ = {
			isa = PBXCopyFilesBuildPhase;
			buildActionMask = 2147483647;
			dstPath = /usr/share/man/man1/;
			dstSubfolderSpec = 0;
			files = (
			);
			runOnlyForDeploymentPostprocessing = 1;
		};
/* End PBXCopyFilesBuildPhase section */

/* Begin PBXFileReference section */
		063DE399231A657000BA4C7C /* 0831-新浪笔试 */ = {isa = PBXFileReference; explicitFileType = "compiled.mach-o.executable"; includeInIndex = 0; path = "0831-新浪笔试"; sourceTree = BUILT_PRODUCTS_DIR; };
		063DE39C231A657000BA4C7C /* main.cpp */ = {isa = PBXFileReference; lastKnownFileType = sourcecode.cpp.cpp; path = main.cpp; sourceTree = "<group>"; };
		063DE3A7231A6CE000BA4C7C /* 0831 */ = {isa = PBXFileReference; explicitFileType = "compiled.mach-o.executable"; includeInIndex = 0; path = 0831; sourceTree = BUILT_PRODUCTS_DIR; };
		063DE3A9231A6CE000BA4C7C /* main.cpp */ = {isa = PBXFileReference; lastKnownFileType = sourcecode.cpp.cpp; path = main.cpp; sourceTree = "<group>"; };
/* End PBXFileReference section */

/* Begin PBXFrameworksBuildPhase section */
		063DE396231A657000BA4C7C /* Frameworks */ = {
			isa = PBXFrameworksBuildPhase;
			buildActionMask = 2147483647;
			files = (
			);
			runOnlyForDeploymentPostprocessing = 0;
		};
		063DE3A4231A6CE000BA4C7C /* Frameworks */ = {
			isa = PBXFrameworksBuildPhase;
			buildActionMask = 2147483647;
			files = (
			);
			runOnlyForDeploymentPostprocessing = 0;
		};
/* End PBXFrameworksBuildPhase section */

/* Begin PBXGroup section */
		063DE390231A657000BA4C7C = {
			isa = PBXGroup;
			children = (
				063DE39B231A657000BA4C7C /* 0831-新浪笔试 */,
				063DE3A8231A6CE000BA4C7C /* 0831 */,
				063DE39A231A657000BA4C7C /* Products */,
			);
			sourceTree = "<group>";
		};
		063DE39A231A657000BA4C7C /* Products */ = {
			isa = PBXGroup;
			children = (
				063DE399231A657000BA4C7C /* 0831-新浪笔试 */,
				063DE3A7231A6CE000BA4C7C /* 0831 */,
			);
			name = Products;
			sourceTree = "<group>";
		};
		063DE39B231A657000BA4C7C /* 0831-新浪笔试 */ = {
			isa = PBXGroup;
			children = (
				063DE39C231A657000BA4C7C /* main.cpp */,
			);
			path = "0831-新浪笔试";
			sourceTree = "<group>";
		};
		063DE3A8231A6CE000BA4C7C /* 0831 */ = {
			isa = PBXGroup;
			children = (
				063DE3A9231A6CE000BA4C7C /* main.cpp */,
			);
			path = 0831;
			sourceTree = "<group>";
		};
/* End PBXGroup section */

/* Begin PBXNativeTarget section */
		063DE398231A657000BA4C7C /* 0831-新浪笔试 */ = {
			isa = PBXNativeTarget;
			buildConfigurationList = 063DE3A0231A657000BA4C7C /* Build configuration list for PBXNativeTarget "0831-新浪笔试" */;
			buildPhases = (
				063DE395231A657000BA4C7C /* Sources */,
				063DE396231A657000BA4C7C /* Frameworks */,
				063DE397231A657000BA4C7C /* CopyFiles */,
			);
			buildRules = (
			);
			dependencies = (
			);
			name = "0831-新浪笔试";
			productName = "0831-新浪笔试";
			productReference = 063DE399231A657000BA4C7C /* 0831-新浪笔试 */;
			productType = "com.apple.product-type.tool";
		};
		063DE3A6231A6CE000BA4C7C /* 0831 */ = {
			isa = PBXNativeTarget;
			buildConfigurationList = 063DE3AB231A6CE000BA4C7C /* Build configuration list for PBXNativeTarget "0831" */;
			buildPhases = (
				063DE3A3231A6CE000BA4C7C /* Sources */,
				063DE3A4231A6CE000BA4C7C /* Frameworks */,
				063DE3A5231A6CE000BA4C7C /* CopyFiles */,
			);
			buildRules = (
			);
			dependencies = (
			);
			name = 0831;
			productName = 0831;
			productReference = 063DE3A7231A6CE000BA4C7C /* 0831 */;
			productType = "com.apple.product-type.tool";
		};
/* End PBXNativeTarget section */

/* Begin PBXProject section */
		063DE391231A657000BA4C7C /* Project object */ = {
			isa = PBXProject;
			attributes = {
				LastUpgradeCheck = 1030;
				ORGANIZATIONNAME = "刘文斌";
				TargetAttributes = {
					063DE398231A657000BA4C7C = {
						CreatedOnToolsVersion = 10.3;
					};
					063DE3A6231A6CE000BA4C7C = {
						CreatedOnToolsVersion = 10.3;
					};
				};
			};
			buildConfigurationList = 063DE394231A657000BA4C7C /* Build configuration list for PBXProject "0831-新浪笔试" */;
			compatibilityVersion = "Xcode 9.3";
			developmentRegion = en;
			hasScannedForEncodings = 0;
			knownRegions = (
				en,
			);
			mainGroup = 063DE390231A657000BA4C7C;
			productRefGroup = 063DE39A231A657000BA4C7C /* Products */;
			projectDirPath = "";
			projectRoot = "";
			targets = (
				063DE398231A657000BA4C7C /* 0831-新浪笔试 */,
				063DE3A6231A6CE000BA4C7C /* 0831 */,
			);
		};
/* End PBXProject section */

/* Begin PBXSourcesBuildPhase section */
		063DE395231A657000BA4C7C /* Sources */ = {
			isa = PBXSourcesBuildPhase;
			buildActionMask = 2147483647;
			files = (
				063DE39D231A657000BA4C7C /* main.cpp in Sources */,
			);
			runOnlyForDeploymentPostprocessing = 0;
		};
		063DE3A3231A6CE000BA4C7C /* Sources */ = {
			isa = PBXSourcesBuildPhase;
			buildActionMask = 2147483647;
			files = (
				063DE3AA231A6CE000BA4C7C /* main.cpp in Sources */,
			);
			runOnlyForDeploymentPostprocessing = 0;
		};
/* End PBXSourcesBuildPhase section */

/* Begin XCBuildConfiguration section */
		063DE39E231A657000BA4C7C /* Debug */ = {
			isa = XCBuildConfiguration;
			buildSettings = {
				ALWAYS_SEARCH_USER_PATHS = NO;
				CLANG_ANALYZER_NONNULL = YES;
				CLANG_ANALYZER_NUMBER_OBJECT_CONVERSION = YES_AGGRESSIVE;
				CLANG_CXX_LANGUAGE_STANDARD = "gnu++14";
				CLANG_CXX_LIBRARY = "libc++";
				CLANG_ENABLE_MODULES = YES;
				CLANG_ENABLE_OBJC_ARC = YES;
				CLANG_ENABLE_OBJC_WEAK = YES;
				CLANG_WARN_BLOCK_CAPTURE_AUTORELEASING = YES;
				CLANG_WARN_BOOL_CONVERSION = YES;
				CLANG_WARN_COMMA = YES;
				CLANG_WARN_CONSTANT_CONVERSION = YES;
				CLANG_WARN_DEPRECATED_OBJC_IMPLEMENTATIONS = YES;
				CLANG_WARN_DIRECT_OBJC_ISA_USAGE = YES_ERROR;
				CLANG_WARN_DOCUMENTATION_COMMENTS = YES;
				CLANG_WARN_EMPTY_BODY = YES;
				CLANG_WARN_ENUM_CONVERSION = YES;
				CLANG_WARN_INFINITE_RECURSION = YES;
				CLANG_WARN_INT_CONVERSION = YES;
				CLANG_WARN_NON_LITERAL_NULL_CONVERSION = YES;
				CLANG_WARN_OBJC_IMPLICIT_RETAIN_SELF = YES;
				CLANG_WARN_OBJC_LITERAL_CONVERSION = YES;
				CLANG_WARN_OBJC_ROOT_CLASS = YES_ERROR;
				CLANG_WARN_RANGE_LOOP_ANALYSIS = YES;
				CLANG_WARN_STRICT_PROTOTYPES = YES;
				CLANG_WARN_SUSPICIOUS_MOVE = YES;
				CLANG_WARN_UNGUARDED_AVAILABILITY = YES_AGGRESSIVE;
				CLANG_WARN_UNREACHABLE_CODE = YES;
				CLANG_WARN__DUPLICATE_METHOD_MATCH = YES;
				CODE_SIGN_IDENTITY = "Mac Developer";
				COPY_PHASE_STRIP = NO;
				DEBUG_INFORMATION_FORMAT = dwarf;
				ENABLE_STRICT_OBJC_MSGSEND = YES;
				ENABLE_TESTABILITY = YES;
				GCC_C_LANGUAGE_STANDARD = gnu11;
				GCC_DYNAMIC_NO_PIC = NO;
				GCC_NO_COMMON_BLOCKS = YES;
				GCC_OPTIMIZATION_LEVEL = 0;
				GCC_PREPROCESSOR_DEFINITIONS = (
					"DEBUG=1",
					"$(inherited)",
				);
				GCC_WARN_64_TO_32_BIT_CONVERSION = YES;
				GCC_WARN_ABOUT_RETURN_TYPE = YES_ERROR;
				GCC_WARN_UNDECLARED_SELECTOR = YES;
				GCC_WARN_UNINITIALIZED_AUTOS = YES_AGGRESSIVE;
				GCC_WARN_UNUSED_FUNCTION = YES;
				GCC_WARN_UNUSED_VARIABLE = YES;
				MACOSX_DEPLOYMENT_TARGET = 10.14;
				MTL_ENABLE_DEBUG_INFO = INCLUDE_SOURCE;
				MTL_FAST_MATH = YES;
				ONLY_ACTIVE_ARCH = YES;
				SDKROOT = macosx;
			};
			name = Debug;
		};
		063DE39F231A657000BA4C7C /* Release */ = {
			isa = XCBuildConfiguration;
			buildSettings = {
				ALWAYS_SEARCH_USER_PATHS = NO;
				CLANG_ANALYZER_NONNULL = YES;
				CLANG_ANALYZER_NUMBER_OBJECT_CONVERSION = YES_AGGRESSIVE;
				CLANG_CXX_LANGUAGE_STANDARD = "gnu++14";
				CLANG_CXX_LIBRARY = "libc++";
				CLANG_ENABLE_MODULES = YES;
				CLANG_ENABLE_OBJC_ARC = YES;
				CLANG_ENABLE_OBJC_WEAK = YES;
				CLANG_WARN_BLOCK_CAPTURE_AUTORELEASING = YES;
				CLANG_WARN_BOOL_CONVERSION = YES;
				CLANG_WARN_COMMA = YES;
				CLANG_WARN_CONSTANT_CONVERSION = YES;
				CLANG_WARN_DEPRECATED_OBJC_IMPLEMENTATIONS = YES;
				CLANG_WARN_DIRECT_OBJC_ISA_USAGE = YES_ERROR;
				CLANG_WARN_DOCUMENTATION_COMMENTS = YES;
				CLANG_WARN_EMPTY_BODY = YES;
				CLANG_WARN_ENUM_CONVERSION = YES;
				CLANG_WARN_INFINITE_RECURSION = YES;
				CLANG_WARN_INT_CONVERSION = YES;
				CLANG_WARN_NON_LITERAL_NULL_CONVERSION = YES;
				CLANG_WARN_OBJC_IMPLICIT_RETAIN_SELF = YES;
				CLANG_WARN_OBJC_LITERAL_CONVERSION = YES;
				CLANG_WARN_OBJC_ROOT_CLASS = YES_ERROR;
				CLANG_WARN_RANGE_LOOP_ANALYSIS = YES;
				CLANG_WARN_STRICT_PROTOTYPES = YES;
				CLANG_WARN_SUSPICIOUS_MOVE = YES;
				CLANG_WARN_UNGUARDED_AVAILABILITY = YES_AGGRESSIVE;
				CLANG_WARN_UNREACHABLE_CODE = YES;
				CLANG_WARN__DUPLICATE_METHOD_MATCH = YES;
				CODE_SIGN_IDENTITY = "Mac Developer";
				COPY_PHASE_STRIP = NO;
				DEBUG_INFORMATION_FORMAT = "dwarf-with-dsym";
				ENABLE_NS_ASSERTIONS = NO;
				ENABLE_STRICT_OBJC_MSGSEND = YES;
				GCC_C_LANGUAGE_STANDARD = gnu11;
				GCC_NO_COMMON_BLOCKS = YES;
				GCC_WARN_64_TO_32_BIT_CONVERSION = YES;
				GCC_WARN_ABOUT_RETURN_TYPE = YES_ERROR;
				GCC_WARN_UNDECLARED_SELECTOR = YES;
				GCC_WARN_UNINITIALIZED_AUTOS = YES_AGGRESSIVE;
				GCC_WARN_UNUSED_FUNCTION = YES;
				GCC_WARN_UNUSED_VARIABLE = YES;
				MACOSX_DEPLOYMENT_TARGET = 10.14;
				MTL_ENABLE_DEBUG_INFO = NO;
				MTL_FAST_MATH = YES;
				SDKROOT = macosx;
			};
			name = Release;
		};
		063DE3A1231A657000BA4C7C /* Debug */ = {
			isa = XCBuildConfiguration;
			buildSettings = {
				CODE_SIGN_STYLE = Automatic;
				DEVELOPMENT_TEAM = GDDTF6824M;
				PRODUCT_NAME = "$(TARGET_NAME)";
			};
			name = Debug;
		};
		063DE3A2231A657000BA4C7C /* Release */ = {
			isa = XCBuildConfiguration;
			buildSettings = {
				CODE_SIGN_STYLE = Automatic;
				DEVELOPMENT_TEAM = GDDTF6824M;
				PRODUCT_NAME = "$(TARGET_NAME)";
			};
			name = Release;
		};
		063DE3AC231A6CE000BA4C7C /* Debug */ = {
			isa = XCBuildConfiguration;
			buildSettings = {
				CODE_SIGN_STYLE = Automatic;
				DEVELOPMENT_TEAM = GDDTF6824M;
				PRODUCT_NAME = "$(TARGET_NAME)";
			};
			name = Debug;
		};
		063DE3AD231A6CE000BA4C7C /* Release */ = {
			isa = XCBuildConfiguration;
			buildSettings = {
				CODE_SIGN_STYLE = Automatic;
				DEVELOPMENT_TEAM = GDDTF6824M;
				PRODUCT_NAME = "$(TARGET_NAME)";
			};
			name = Release;
		};
/* End XCBuildConfiguration section */

/* Begin XCConfigurationList section */
		063DE394231A657000BA4C7C /* Build configuration list for PBXProject "0831-新浪笔试" */ = {
			isa = XCConfigurationList;
			buildConfigurations = (
				063DE39E231A657000BA4C7C /* Debug */,
				063DE39F231A657000BA4C7C /* Release */,
			);
			defaultConfigurationIsVisible = 0;
			defaultConfigurationName = Release;
		};
		063DE3A0231A657000BA4C7C /* Build configuration list for PBXNativeTarget "0831-新浪笔试" */ = {
			isa = XCConfigurationList;
			buildConfigurations = (
				063DE3A1231A657000BA4C7C /* Debug */,
				063DE3A2231A657000BA4C7C /* Release */,
			);
			defaultConfigurationIsVisible = 0;
			defaultConfigurationName = Release;
		};
		063DE3AB231A6CE000BA4C7C /* Build configuration list for PBXNativeTarget "0831" */ = {
			isa = XCConfigurationList;
			buildConfigurations = (
				063DE3AC231A6CE000BA4C7C /* Debug */,
				063DE3AD231A6CE000BA4C7C /* Release */,
			);
			defaultConfigurationIsVisible = 0;
			defaultConfigurationName = Release;
		};
/* End XCConfigurationList section */
	};
	rootObject = 063DE391231A657000BA4C7C /* Project object */;
}
