<?xml version="1.0" encoding="UTF-8"?>
<Scheme
   LastUpgradeVersion = "1030"
   version = "1.3">
   <BuildAction
      parallelizeBuildables = "YES"
      buildImplicitDependencies = "YES">
      <BuildActionEntries>
         <BuildActionEntry
            buildForTesting = "YES"
            buildForRunning = "YES"
            buildForProfiling = "YES"
            buildForArchiving = "YES"
            buildForAnalyzing = "YES">
            <BuildableReference
               BuildableIdentifier = "primary"
               BlueprintIdentifier = "06F715D022F9323E00B876A5"
               BuildableName = "0804-&#x7f51;&#x6613;&#x96f7;&#x706b;-&#x70b9;&#x51fb;&#x53e0;&#x52a0;&#x7a97;&#x53e3;"
               BlueprintName = "0804-&#x7f51;&#x6613;&#x96f7;&#x706b;-&#x70b9;&#x51fb;&#x53e0;&#x52a0;&#x7a97;&#x53e3;"
               ReferencedContainer = "container:0804-&#x7f51;&#x6613;&#x96f7;&#x706b;.xcodeproj">
            </BuildableReference>
         </BuildActionEntry>
      </BuildActionEntries>
   </BuildAction>
   <TestAction
      buildConfiguration = "Debug"
      selectedDebuggerIdentifier = "Xcode.DebuggerFoundation.Debugger.LLDB"
      selectedLauncherIdentifier = "Xcode.DebuggerFoundation.Launcher.LLDB"
      shouldUseLaunchSchemeArgsEnv = "YES">
      <Testables>
      </Testables>
      <MacroExpansion>
         <BuildableReference
            BuildableIdentifier = "primary"
            BlueprintIdentifier = "06F715D022F9323E00B876A5"
            BuildableName = "0804-&#x7f51;&#x6613;&#x96f7;&#x706b;-&#x70b9;&#x51fb;&#x53e0;&#x52a0;&#x7a97;&#x53e3;"
            BlueprintName = "0804-&#x7f51;&#x6613;&#x96f7;&#x706b;-&#x70b9;&#x51fb;&#x53e0;&#x52a0;&#x7a97;&#x53e3;"
            ReferencedContainer = "container:0804-&#x7f51;&#x6613;&#x96f7;&#x706b;.xcodeproj">
         </BuildableReference>
      </MacroExpansion>
      <AdditionalOptions>
      </AdditionalOptions>
   </TestAction>
   <LaunchAction
      buildConfiguration = "Debug"
      selectedDebuggerIdentifier = "Xcode.DebuggerFoundation.Debugger.LLDB"
      selectedLauncherIdentifier = "Xcode.DebuggerFoundation.Launcher.LLDB"
      launchStyle = "0"
      useCustomWorkingDirectory = "NO"
      ignoresPersistentStateOnLaunch = "NO"
      debugDocumentVersioning = "YES"
      debugServiceExtension = "internal"
      allowLocationSimulation = "YES">
      <BuildableProductRunnable
         runnableDebuggingMode = "0">
         <BuildableReference
            BuildableIdentifier = "primary"
            BlueprintIdentifier = "06F715D022F9323E00B876A5"
            BuildableName = "0804-&#x7f51;&#x6613;&#x96f7;&#x706b;-&#x70b9;&#x51fb;&#x53e0;&#x52a0;&#x7a97;&#x53e3;"
            BlueprintName = "0804-&#x7f51;&#x6613;&#x96f7;&#x706b;-&#x70b9;&#x51fb;&#x53e0;&#x52a0;&#x7a97;&#x53e3;"
            ReferencedContainer = "container:0804-&#x7f51;&#x6613;&#x96f7;&#x706b;.xcodeproj">
         </BuildableReference>
      </BuildableProductRunnable>
      <AdditionalOptions>
      </AdditionalOptions>
   </LaunchAction>
   <ProfileAction
      buildConfiguration = "Release"
      shouldUseLaunchSchemeArgsEnv = "YES"
      savedToolIdentifier = ""
      useCustomWorkingDirectory = "NO"
      debugDocumentVersioning = "YES">
      <BuildableProductRunnable
         runnableDebuggingMode = "0">
         <BuildableReference
            BuildableIdentifier = "primary"
            BlueprintIdentifier = "06F715D022F9323E00B876A5"
            BuildableName = "0804-&#x7f51;&#x6613;&#x96f7;&#x706b;-&#x70b9;&#x51fb;&#x53e0;&#x52a0;&#x7a97;&#x53e3;"
            BlueprintName = "0804-&#x7f51;&#x6613;&#x96f7;&#x706b;-&#x70b9;&#x51fb;&#x53e0;&#x52a0;&#x7a97;&#x53e3;"
            ReferencedContainer = "container:0804-&#x7f51;&#x6613;&#x96f7;&#x706b;.xcodeproj">
         </BuildableReference>
      </BuildableProductRunnable>
   </ProfileAction>
   <AnalyzeAction
      buildConfiguration = "Debug">
   </AnalyzeAction>
   <ArchiveAction
      buildConfiguration = "Release"
      revealArchiveInOrganizer = "YES">
   </ArchiveAction>
</Scheme>
