// !$*UTF8*$!
{
	archiveVersion = 1;
	classes = {
	};
	objectVersion = 50;
	objects = {

/* Begin PBXBuildFile section */
		060F59CC2308227F00FA3050 /* main.cpp in Sources */ = {isa = PBXBuildFile; fileRef = 060F59CB2308227F00FA3050 /* main.cpp */; };
		060F59D923082B4300FA3050 /* main.cpp in Sources */ = {isa = PBXBuildFile; fileRef = 060F59D823082B4300FA3050 /* main.cpp */; };
		060F59E423082C9000FA3050 /* main.cpp in Sources */ = {isa = PBXBuildFile; fileRef = 060F59E323082C9000FA3050 /* main.cpp */; };
		0668E2F4231BEBDF008C4BA2 /* main.cpp in Sources */ = {isa = PBXBuildFile; fileRef = 0668E2F3231BEBDF008C4BA2 /* main.cpp */; };
		0668E2FF231BEFC9008C4BA2 /* main.cpp in Sources */ = {isa = PBXBuildFile; fileRef = 0668E2FE231BEFC9008C4BA2 /* main.cpp */; };
		0668E30A231BF9E4008C4BA2 /* main.cpp in Sources */ = {isa = PBXBuildFile; fileRef = 0668E309231BF9E4008C4BA2 /* main.cpp */; };
/* End PBXBuildFile section */

/* Begin PBXCopyFilesBuildPhase section */
		060F59C62308227F00FA3050 /* CopyFiles */ = {
			isa = PBXCopyFilesBuildPhase;
			buildActionMask = 2147483647;
			dstPath = /usr/share/man/man1/;
			dstSubfolderSpec = 0;
			files = (
			);
			runOnlyForDeploymentPostprocessing = 1;
		};
		060F59D423082B4300FA3050 /* CopyFiles */ = {
			isa = PBXCopyFilesBuildPhase;
			buildActionMask = 2147483647;
			dstPath = /usr/share/man/man1/;
			dstSubfolderSpec = 0;
			files = (
			);
			runOnlyForDeploymentPostprocessing = 1;
		};
		060F59DF23082C9000FA3050 /* CopyFiles */ = {
			isa = PBXCopyFilesBuildPhase;
			buildActionMask = 2147483647;
			dstPath = /usr/share/man/man1/;
			dstSubfolderSpec = 0;
			files = (
			);
			runOnlyForDeploymentPostprocessing = 1;
		};
		0668E2EF231BEBDF008C4BA2 /* CopyFiles */ = {
			isa = PBXCopyFilesBuildPhase;
			buildActionMask = 2147483647;
			dstPath = /usr/share/man/man1/;
			dstSubfolderSpec = 0;
			files = (
			);
			runOnlyForDeploymentPostprocessing = 1;
		};
		0668E2FA231BEFC9008C4BA2 /* CopyFiles */ = {
			isa = PBXCopyFilesBuildPhase;
			buildActionMask = 2147483647;
			dstPath = /usr/share/man/man1/;
			dstSubfolderSpec = 0;
			files = (
			);
			runOnlyForDeploymentPostprocessing = 1;
		};
		0668E305231BF9E4008C4BA2 /* CopyFiles */ = {
			isa = PBXCopyFilesBuildPhase;
			buildActionMask = 2147483647;
			dstPath = /usr/share/man/man1/;
			dstSubfolderSpec = 0;
			files = (
			);
			runOnlyForDeploymentPostprocessing = 1;
		};
/* End PBXCopyFilesBuildPhase section */

/* Begin PBXFileReference section */
		060F59C82308227F00FA3050 /* 0817-腾讯笔试 */ = {isa = PBXFileReference; explicitFileType = "compiled.mach-o.executable"; includeInIndex = 0; path = "0817-腾讯笔试"; sourceTree = BUILT_PRODUCTS_DIR; };
		060F59CB2308227F00FA3050 /* main.cpp */ = {isa = PBXFileReference; lastKnownFileType = sourcecode.cpp.cpp; path = main.cpp; sourceTree = "<group>"; };
		060F59D623082B4300FA3050 /* 0817-腾讯笔试-可视楼数量 */ = {isa = PBXFileReference; explicitFileType = "compiled.mach-o.executable"; includeInIndex = 0; path = "0817-腾讯笔试-可视楼数量"; sourceTree = BUILT_PRODUCTS_DIR; };
		060F59D823082B4300FA3050 /* main.cpp */ = {isa = PBXFileReference; lastKnownFileType = sourcecode.cpp.cpp; path = main.cpp; sourceTree = "<group>"; };
		060F59E123082C9000FA3050 /* 0817-腾讯笔试-最少休息天数 */ = {isa = PBXFileReference; explicitFileType = "compiled.mach-o.executable"; includeInIndex = 0; path = "0817-腾讯笔试-最少休息天数"; sourceTree = BUILT_PRODUCTS_DIR; };
		060F59E323082C9000FA3050 /* main.cpp */ = {isa = PBXFileReference; lastKnownFileType = sourcecode.cpp.cpp; path = main.cpp; sourceTree = "<group>"; };
		0668E2F1231BEBDF008C4BA2 /* 0901-腾讯-多大宝箱数 */ = {isa = PBXFileReference; explicitFileType = "compiled.mach-o.executable"; includeInIndex = 0; path = "0901-腾讯-多大宝箱数"; sourceTree = BUILT_PRODUCTS_DIR; };
		0668E2F3231BEBDF008C4BA2 /* main.cpp */ = {isa = PBXFileReference; lastKnownFileType = sourcecode.cpp.cpp; path = main.cpp; sourceTree = "<group>"; };
		0668E2FC231BEFC9008C4BA2 /* 0901-腾讯笔试-学习状态评分 */ = {isa = PBXFileReference; explicitFileType = "compiled.mach-o.executable"; includeInIndex = 0; path = "0901-腾讯笔试-学习状态评分"; sourceTree = BUILT_PRODUCTS_DIR; };
		0668E2FE231BEFC9008C4BA2 /* main.cpp */ = {isa = PBXFileReference; lastKnownFileType = sourcecode.cpp.cpp; path = main.cpp; sourceTree = "<group>"; };
		0668E307231BF9E4008C4BA2 /* 0901-腾讯笔试-摆花方案 */ = {isa = PBXFileReference; explicitFileType = "compiled.mach-o.executable"; includeInIndex = 0; path = "0901-腾讯笔试-摆花方案"; sourceTree = BUILT_PRODUCTS_DIR; };
		0668E309231BF9E4008C4BA2 /* main.cpp */ = {isa = PBXFileReference; lastKnownFileType = sourcecode.cpp.cpp; path = main.cpp; sourceTree = "<group>"; };
/* End PBXFileReference section */

/* Begin PBXFrameworksBuildPhase section */
		060F59C52308227F00FA3050 /* Frameworks */ = {
			isa = PBXFrameworksBuildPhase;
			buildActionMask = 2147483647;
			files = (
			);
			runOnlyForDeploymentPostprocessing = 0;
		};
		060F59D323082B4300FA3050 /* Frameworks */ = {
			isa = PBXFrameworksBuildPhase;
			buildActionMask = 2147483647;
			files = (
			);
			runOnlyForDeploymentPostprocessing = 0;
		};
		060F59DE23082C9000FA3050 /* Frameworks */ = {
			isa = PBXFrameworksBuildPhase;
			buildActionMask = 2147483647;
			files = (
			);
			runOnlyForDeploymentPostprocessing = 0;
		};
		0668E2EE231BEBDF008C4BA2 /* Frameworks */ = {
			isa = PBXFrameworksBuildPhase;
			buildActionMask = 2147483647;
			files = (
			);
			runOnlyForDeploymentPostprocessing = 0;
		};
		0668E2F9231BEFC9008C4BA2 /* Frameworks */ = {
			isa = PBXFrameworksBuildPhase;
			buildActionMask = 2147483647;
			files = (
			);
			runOnlyForDeploymentPostprocessing = 0;
		};
		0668E304231BF9E4008C4BA2 /* Frameworks */ = {
			isa = PBXFrameworksBuildPhase;
			buildActionMask = 2147483647;
			files = (
			);
			runOnlyForDeploymentPostprocessing = 0;
		};
/* End PBXFrameworksBuildPhase section */

/* Begin PBXGroup section */
		060F59BF2308227F00FA3050 = {
			isa = PBXGroup;
			children = (
				060F59CA2308227F00FA3050 /* 0817-腾讯笔试 */,
				060F59D723082B4300FA3050 /* 0817-腾讯笔试-可视楼数量 */,
				060F59E223082C9000FA3050 /* 0817-腾讯笔试-最少休息天数 */,
				0668E2F2231BEBDF008C4BA2 /* 0901-腾讯-多大宝箱数 */,
				0668E2FD231BEFC9008C4BA2 /* 0901-腾讯笔试-学习状态评分 */,
				0668E308231BF9E4008C4BA2 /* 0901-腾讯笔试-摆花方案 */,
				060F59C92308227F00FA3050 /* Products */,
			);
			sourceTree = "<group>";
		};
		060F59C92308227F00FA3050 /* Products */ = {
			isa = PBXGroup;
			children = (
				060F59C82308227F00FA3050 /* 0817-腾讯笔试 */,
				060F59D623082B4300FA3050 /* 0817-腾讯笔试-可视楼数量 */,
				060F59E123082C9000FA3050 /* 0817-腾讯笔试-最少休息天数 */,
				0668E2F1231BEBDF008C4BA2 /* 0901-腾讯-多大宝箱数 */,
				0668E2FC231BEFC9008C4BA2 /* 0901-腾讯笔试-学习状态评分 */,
				0668E307231BF9E4008C4BA2 /* 0901-腾讯笔试-摆花方案 */,
			);
			name = Products;
			sourceTree = "<group>";
		};
		060F59CA2308227F00FA3050 /* 0817-腾讯笔试 */ = {
			isa = PBXGroup;
			children = (
				060F59CB2308227F00FA3050 /* main.cpp */,
			);
			path = "0817-腾讯笔试";
			sourceTree = "<group>";
		};
		060F59D723082B4300FA3050 /* 0817-腾讯笔试-可视楼数量 */ = {
			isa = PBXGroup;
			children = (
				060F59D823082B4300FA3050 /* main.cpp */,
			);
			path = "0817-腾讯笔试-可视楼数量";
			sourceTree = "<group>";
		};
		060F59E223082C9000FA3050 /* 0817-腾讯笔试-最少休息天数 */ = {
			isa = PBXGroup;
			children = (
				060F59E323082C9000FA3050 /* main.cpp */,
			);
			path = "0817-腾讯笔试-最少休息天数";
			sourceTree = "<group>";
		};
		0668E2F2231BEBDF008C4BA2 /* 0901-腾讯-多大宝箱数 */ = {
			isa = PBXGroup;
			children = (
				0668E2F3231BEBDF008C4BA2 /* main.cpp */,
			);
			path = "0901-腾讯-多大宝箱数";
			sourceTree = "<group>";
		};
		0668E2FD231BEFC9008C4BA2 /* 0901-腾讯笔试-学习状态评分 */ = {
			isa = PBXGroup;
			children = (
				0668E2FE231BEFC9008C4BA2 /* main.cpp */,
			);
			path = "0901-腾讯笔试-学习状态评分";
			sourceTree = "<group>";
		};
		0668E308231BF9E4008C4BA2 /* 0901-腾讯笔试-摆花方案 */ = {
			isa = PBXGroup;
			children = (
				0668E309231BF9E4008C4BA2 /* main.cpp */,
			);
			path = "0901-腾讯笔试-摆花方案";
			sourceTree = "<group>";
		};
/* End PBXGroup section */

/* Begin PBXNativeTarget section */
		060F59C72308227F00FA3050 /* 0817-腾讯笔试 */ = {
			isa = PBXNativeTarget;
			buildConfigurationList = 060F59CF2308227F00FA3050 /* Build configuration list for PBXNativeTarget "0817-腾讯笔试" */;
			buildPhases = (
				060F59C42308227F00FA3050 /* Sources */,
				060F59C52308227F00FA3050 /* Frameworks */,
				060F59C62308227F00FA3050 /* CopyFiles */,
			);
			buildRules = (
			);
			dependencies = (
			);
			name = "0817-腾讯笔试";
			productName = "0817-腾讯笔试";
			productReference = 060F59C82308227F00FA3050 /* 0817-腾讯笔试 */;
			productType = "com.apple.product-type.tool";
		};
		060F59D523082B4300FA3050 /* 0817-腾讯笔试-可视楼数量 */ = {
			isa = PBXNativeTarget;
			buildConfigurationList = 060F59DC23082B4300FA3050 /* Build configuration list for PBXNativeTarget "0817-腾讯笔试-可视楼数量" */;
			buildPhases = (
				060F59D223082B4300FA3050 /* Sources */,
				060F59D323082B4300FA3050 /* Frameworks */,
				060F59D423082B4300FA3050 /* CopyFiles */,
			);
			buildRules = (
			);
			dependencies = (
			);
			name = "0817-腾讯笔试-可视楼数量";
			productName = "0817-腾讯笔试-可视楼数量";
			productReference = 060F59D623082B4300FA3050 /* 0817-腾讯笔试-可视楼数量 */;
			productType = "com.apple.product-type.tool";
		};
		060F59E023082C9000FA3050 /* 0817-腾讯笔试-最少休息天数 */ = {
			isa = PBXNativeTarget;
			buildConfigurationList = 060F59E523082C9000FA3050 /* Build configuration list for PBXNativeTarget "0817-腾讯笔试-最少休息天数" */;
			buildPhases = (
				060F59DD23082C9000FA3050 /* Sources */,
				060F59DE23082C9000FA3050 /* Frameworks */,
				060F59DF23082C9000FA3050 /* CopyFiles */,
			);
			buildRules = (
			);
			dependencies = (
			);
			name = "0817-腾讯笔试-最少休息天数";
			productName = "0817-腾讯笔试-最少休息天数";
			productReference = 060F59E123082C9000FA3050 /* 0817-腾讯笔试-最少休息天数 */;
			productType = "com.apple.product-type.tool";
		};
		0668E2F0231BEBDF008C4BA2 /* 0901-腾讯-多大宝箱数 */ = {
			isa = PBXNativeTarget;
			buildConfigurationList = 0668E2F7231BEBDF008C4BA2 /* Build configuration list for PBXNativeTarget "0901-腾讯-多大宝箱数" */;
			buildPhases = (
				0668E2ED231BEBDF008C4BA2 /* Sources */,
				0668E2EE231BEBDF008C4BA2 /* Frameworks */,
				0668E2EF231BEBDF008C4BA2 /* CopyFiles */,
			);
			buildRules = (
			);
			dependencies = (
			);
			name = "0901-腾讯-多大宝箱数";
			productName = "0901-腾讯-多大宝箱数";
			productReference = 0668E2F1231BEBDF008C4BA2 /* 0901-腾讯-多大宝箱数 */;
			productType = "com.apple.product-type.tool";
		};
		0668E2FB231BEFC9008C4BA2 /* 0901-腾讯笔试-学习状态评分 */ = {
			isa = PBXNativeTarget;
			buildConfigurationList = 0668E300231BEFC9008C4BA2 /* Build configuration list for PBXNativeTarget "0901-腾讯笔试-学习状态评分" */;
			buildPhases = (
				0668E2F8231BEFC9008C4BA2 /* Sources */,
				0668E2F9231BEFC9008C4BA2 /* Frameworks */,
				0668E2FA231BEFC9008C4BA2 /* CopyFiles */,
			);
			buildRules = (
			);
			dependencies = (
			);
			name = "0901-腾讯笔试-学习状态评分";
			productName = "0901-腾讯笔试-学习状态评分";
			productReference = 0668E2FC231BEFC9008C4BA2 /* 0901-腾讯笔试-学习状态评分 */;
			productType = "com.apple.product-type.tool";
		};
		0668E306231BF9E4008C4BA2 /* 0901-腾讯笔试-摆花方案 */ = {
			isa = PBXNativeTarget;
			buildConfigurationList = 0668E30B231BF9E4008C4BA2 /* Build configuration list for PBXNativeTarget "0901-腾讯笔试-摆花方案" */;
			buildPhases = (
				0668E303231BF9E4008C4BA2 /* Sources */,
				0668E304231BF9E4008C4BA2 /* Frameworks */,
				0668E305231BF9E4008C4BA2 /* CopyFiles */,
			);
			buildRules = (
			);
			dependencies = (
			);
			name = "0901-腾讯笔试-摆花方案";
			productName = "0901-腾讯笔试-摆花方案";
			productReference = 0668E307231BF9E4008C4BA2 /* 0901-腾讯笔试-摆花方案 */;
			productType = "com.apple.product-type.tool";
		};
/* End PBXNativeTarget section */

/* Begin PBXProject section */
		060F59C02308227F00FA3050 /* Project object */ = {
			isa = PBXProject;
			attributes = {
				LastUpgradeCheck = 1030;
				ORGANIZATIONNAME = "刘文斌";
				TargetAttributes = {
					060F59C72308227F00FA3050 = {
						CreatedOnToolsVersion = 10.3;
					};
					060F59D523082B4300FA3050 = {
						CreatedOnToolsVersion = 10.3;
					};
					060F59E023082C9000FA3050 = {
						CreatedOnToolsVersion = 10.3;
					};
					0668E2F0231BEBDF008C4BA2 = {
						CreatedOnToolsVersion = 10.3;
					};
					0668E2FB231BEFC9008C4BA2 = {
						CreatedOnToolsVersion = 10.3;
					};
					0668E306231BF9E4008C4BA2 = {
						CreatedOnToolsVersion = 10.3;
					};
				};
			};
			buildConfigurationList = 060F59C32308227F00FA3050 /* Build configuration list for PBXProject "0817-腾讯笔试" */;
			compatibilityVersion = "Xcode 9.3";
			developmentRegion = en;
			hasScannedForEncodings = 0;
			knownRegions = (
				en,
			);
			mainGroup = 060F59BF2308227F00FA3050;
			productRefGroup = 060F59C92308227F00FA3050 /* Products */;
			projectDirPath = "";
			projectRoot = "";
			targets = (
				060F59C72308227F00FA3050 /* 0817-腾讯笔试 */,
				060F59D523082B4300FA3050 /* 0817-腾讯笔试-可视楼数量 */,
				060F59E023082C9000FA3050 /* 0817-腾讯笔试-最少休息天数 */,
				0668E2F0231BEBDF008C4BA2 /* 0901-腾讯-多大宝箱数 */,
				0668E2FB231BEFC9008C4BA2 /* 0901-腾讯笔试-学习状态评分 */,
				0668E306231BF9E4008C4BA2 /* 0901-腾讯笔试-摆花方案 */,
			);
		};
/* End PBXProject section */

/* Begin PBXSourcesBuildPhase section */
		060F59C42308227F00FA3050 /* Sources */ = {
			isa = PBXSourcesBuildPhase;
			buildActionMask = 2147483647;
			files = (
				060F59CC2308227F00FA3050 /* main.cpp in Sources */,
			);
			runOnlyForDeploymentPostprocessing = 0;
		};
		060F59D223082B4300FA3050 /* Sources */ = {
			isa = PBXSourcesBuildPhase;
			buildActionMask = 2147483647;
			files = (
				060F59D923082B4300FA3050 /* main.cpp in Sources */,
			);
			runOnlyForDeploymentPostprocessing = 0;
		};
		060F59DD23082C9000FA3050 /* Sources */ = {
			isa = PBXSourcesBuildPhase;
			buildActionMask = 2147483647;
			files = (
				060F59E423082C9000FA3050 /* main.cpp in Sources */,
			);
			runOnlyForDeploymentPostprocessing = 0;
		};
		0668E2ED231BEBDF008C4BA2 /* Sources */ = {
			isa = PBXSourcesBuildPhase;
			buildActionMask = 2147483647;
			files = (
				0668E2F4231BEBDF008C4BA2 /* main.cpp in Sources */,
			);
			runOnlyForDeploymentPostprocessing = 0;
		};
		0668E2F8231BEFC9008C4BA2 /* Sources */ = {
			isa = PBXSourcesBuildPhase;
			buildActionMask = 2147483647;
			files = (
				0668E2FF231BEFC9008C4BA2 /* main.cpp in Sources */,
			);
			runOnlyForDeploymentPostprocessing = 0;
		};
		0668E303231BF9E4008C4BA2 /* Sources */ = {
			isa = PBXSourcesBuildPhase;
			buildActionMask = 2147483647;
			files = (
				0668E30A231BF9E4008C4BA2 /* main.cpp in Sources */,
			);
			runOnlyForDeploymentPostprocessing = 0;
		};
/* End PBXSourcesBuildPhase section */

/* Begin XCBuildConfiguration section */
		060F59CD2308227F00FA3050 /* Debug */ = {
			isa = XCBuildConfiguration;
			buildSettings = {
				ALWAYS_SEARCH_USER_PATHS = NO;
				CLANG_ANALYZER_NONNULL = YES;
				CLANG_ANALYZER_NUMBER_OBJECT_CONVERSION = YES_AGGRESSIVE;
				CLANG_CXX_LANGUAGE_STANDARD = "gnu++14";
				CLANG_CXX_LIBRARY = "libc++";
				CLANG_ENABLE_MODULES = YES;
				CLANG_ENABLE_OBJC_ARC = YES;
				CLANG_ENABLE_OBJC_WEAK = YES;
				CLANG_WARN_BLOCK_CAPTURE_AUTORELEASING = YES;
				CLANG_WARN_BOOL_CONVERSION = YES;
				CLANG_WARN_COMMA = YES;
				CLANG_WARN_CONSTANT_CONVERSION = YES;
				CLANG_WARN_DEPRECATED_OBJC_IMPLEMENTATIONS = YES;
				CLANG_WARN_DIRECT_OBJC_ISA_USAGE = YES_ERROR;
				CLANG_WARN_DOCUMENTATION_COMMENTS = YES;
				CLANG_WARN_EMPTY_BODY = YES;
				CLANG_WARN_ENUM_CONVERSION = YES;
				CLANG_WARN_INFINITE_RECURSION = YES;
				CLANG_WARN_INT_CONVERSION = YES;
				CLANG_WARN_NON_LITERAL_NULL_CONVERSION = YES;
				CLANG_WARN_OBJC_IMPLICIT_RETAIN_SELF = YES;
				CLANG_WARN_OBJC_LITERAL_CONVERSION = YES;
				CLANG_WARN_OBJC_ROOT_CLASS = YES_ERROR;
				CLANG_WARN_RANGE_LOOP_ANALYSIS = YES;
				CLANG_WARN_STRICT_PROTOTYPES = YES;
				CLANG_WARN_SUSPICIOUS_MOVE = YES;
				CLANG_WARN_UNGUARDED_AVAILABILITY = YES_AGGRESSIVE;
				CLANG_WARN_UNREACHABLE_CODE = YES;
				CLANG_WARN__DUPLICATE_METHOD_MATCH = YES;
				CODE_SIGN_IDENTITY = "Mac Developer";
				COPY_PHASE_STRIP = NO;
				DEBUG_INFORMATION_FORMAT = dwarf;
				ENABLE_STRICT_OBJC_MSGSEND = YES;
				ENABLE_TESTABILITY = YES;
				GCC_C_LANGUAGE_STANDARD = gnu11;
				GCC_DYNAMIC_NO_PIC = NO;
				GCC_NO_COMMON_BLOCKS = YES;
				GCC_OPTIMIZATION_LEVEL = 0;
				GCC_PREPROCESSOR_DEFINITIONS = (
					"DEBUG=1",
					"$(inherited)",
				);
				GCC_WARN_64_TO_32_BIT_CONVERSION = YES;
				GCC_WARN_ABOUT_RETURN_TYPE = YES_ERROR;
				GCC_WARN_UNDECLARED_SELECTOR = YES;
				GCC_WARN_UNINITIALIZED_AUTOS = YES_AGGRESSIVE;
				GCC_WARN_UNUSED_FUNCTION = YES;
				GCC_WARN_UNUSED_VARIABLE = YES;
				MACOSX_DEPLOYMENT_TARGET = 10.14;
				MTL_ENABLE_DEBUG_INFO = INCLUDE_SOURCE;
				MTL_FAST_MATH = YES;
				ONLY_ACTIVE_ARCH = YES;
				SDKROOT = macosx;
			};
			name = Debug;
		};
		060F59CE2308227F00FA3050 /* Release */ = {
			isa = XCBuildConfiguration;
			buildSettings = {
				ALWAYS_SEARCH_USER_PATHS = NO;
				CLANG_ANALYZER_NONNULL = YES;
				CLANG_ANALYZER_NUMBER_OBJECT_CONVERSION = YES_AGGRESSIVE;
				CLANG_CXX_LANGUAGE_STANDARD = "gnu++14";
				CLANG_CXX_LIBRARY = "libc++";
				CLANG_ENABLE_MODULES = YES;
				CLANG_ENABLE_OBJC_ARC = YES;
				CLANG_ENABLE_OBJC_WEAK = YES;
				CLANG_WARN_BLOCK_CAPTURE_AUTORELEASING = YES;
				CLANG_WARN_BOOL_CONVERSION = YES;
				CLANG_WARN_COMMA = YES;
				CLANG_WARN_CONSTANT_CONVERSION = YES;
				CLANG_WARN_DEPRECATED_OBJC_IMPLEMENTATIONS = YES;
				CLANG_WARN_DIRECT_OBJC_ISA_USAGE = YES_ERROR;
				CLANG_WARN_DOCUMENTATION_COMMENTS = YES;
				CLANG_WARN_EMPTY_BODY = YES;
				CLANG_WARN_ENUM_CONVERSION = YES;
				CLANG_WARN_INFINITE_RECURSION = YES;
				CLANG_WARN_INT_CONVERSION = YES;
				CLANG_WARN_NON_LITERAL_NULL_CONVERSION = YES;
				CLANG_WARN_OBJC_IMPLICIT_RETAIN_SELF = YES;
				CLANG_WARN_OBJC_LITERAL_CONVERSION = YES;
				CLANG_WARN_OBJC_ROOT_CLASS = YES_ERROR;
				CLANG_WARN_RANGE_LOOP_ANALYSIS = YES;
				CLANG_WARN_STRICT_PROTOTYPES = YES;
				CLANG_WARN_SUSPICIOUS_MOVE = YES;
				CLANG_WARN_UNGUARDED_AVAILABILITY = YES_AGGRESSIVE;
				CLANG_WARN_UNREACHABLE_CODE = YES;
				CLANG_WARN__DUPLICATE_METHOD_MATCH = YES;
				CODE_SIGN_IDENTITY = "Mac Developer";
				COPY_PHASE_STRIP = NO;
				DEBUG_INFORMATION_FORMAT = "dwarf-with-dsym";
				ENABLE_NS_ASSERTIONS = NO;
				ENABLE_STRICT_OBJC_MSGSEND = YES;
				GCC_C_LANGUAGE_STANDARD = gnu11;
				GCC_NO_COMMON_BLOCKS = YES;
				GCC_WARN_64_TO_32_BIT_CONVERSION = YES;
				GCC_WARN_ABOUT_RETURN_TYPE = YES_ERROR;
				GCC_WARN_UNDECLARED_SELECTOR = YES;
				GCC_WARN_UNINITIALIZED_AUTOS = YES_AGGRESSIVE;
				GCC_WARN_UNUSED_FUNCTION = YES;
				GCC_WARN_UNUSED_VARIABLE = YES;
				MACOSX_DEPLOYMENT_TARGET = 10.14;
				MTL_ENABLE_DEBUG_INFO = NO;
				MTL_FAST_MATH = YES;
				SDKROOT = macosx;
			};
			name = Release;
		};
		060F59D02308227F00FA3050 /* Debug */ = {
			isa = XCBuildConfiguration;
			buildSettings = {
				CODE_SIGN_STYLE = Automatic;
				DEVELOPMENT_TEAM = GDDTF6824M;
				PRODUCT_NAME = "$(TARGET_NAME)";
			};
			name = Debug;
		};
		060F59D12308227F00FA3050 /* Release */ = {
			isa = XCBuildConfiguration;
			buildSettings = {
				CODE_SIGN_STYLE = Automatic;
				DEVELOPMENT_TEAM = GDDTF6824M;
				PRODUCT_NAME = "$(TARGET_NAME)";
			};
			name = Release;
		};
		060F59DA23082B4300FA3050 /* Debug */ = {
			isa = XCBuildConfiguration;
			buildSettings = {
				CODE_SIGN_STYLE = Automatic;
				DEVELOPMENT_TEAM = GDDTF6824M;
				PRODUCT_NAME = "$(TARGET_NAME)";
			};
			name = Debug;
		};
		060F59DB23082B4300FA3050 /* Release */ = {
			isa = XCBuildConfiguration;
			buildSettings = {
				CODE_SIGN_STYLE = Automatic;
				DEVELOPMENT_TEAM = GDDTF6824M;
				PRODUCT_NAME = "$(TARGET_NAME)";
			};
			name = Release;
		};
		060F59E623082C9000FA3050 /* Debug */ = {
			isa = XCBuildConfiguration;
			buildSettings = {
				CODE_SIGN_STYLE = Automatic;
				DEVELOPMENT_TEAM = GDDTF6824M;
				PRODUCT_NAME = "$(TARGET_NAME)";
			};
			name = Debug;
		};
		060F59E723082C9000FA3050 /* Release */ = {
			isa = XCBuildConfiguration;
			buildSettings = {
				CODE_SIGN_STYLE = Automatic;
				DEVELOPMENT_TEAM = GDDTF6824M;
				PRODUCT_NAME = "$(TARGET_NAME)";
			};
			name = Release;
		};
		0668E2F5231BEBDF008C4BA2 /* Debug */ = {
			isa = XCBuildConfiguration;
			buildSettings = {
				CODE_SIGN_STYLE = Automatic;
				DEVELOPMENT_TEAM = GDDTF6824M;
				PRODUCT_NAME = "$(TARGET_NAME)";
			};
			name = Debug;
		};
		0668E2F6231BEBDF008C4BA2 /* Release */ = {
			isa = XCBuildConfiguration;
			buildSettings = {
				CODE_SIGN_STYLE = Automatic;
				DEVELOPMENT_TEAM = GDDTF6824M;
				PRODUCT_NAME = "$(TARGET_NAME)";
			};
			name = Release;
		};
		0668E301231BEFC9008C4BA2 /* Debug */ = {
			isa = XCBuildConfiguration;
			buildSettings = {
				CODE_SIGN_STYLE = Automatic;
				DEVELOPMENT_TEAM = GDDTF6824M;
				PRODUCT_NAME = "$(TARGET_NAME)";
			};
			name = Debug;
		};
		0668E302231BEFC9008C4BA2 /* Release */ = {
			isa = XCBuildConfiguration;
			buildSettings = {
				CODE_SIGN_STYLE = Automatic;
				DEVELOPMENT_TEAM = GDDTF6824M;
				PRODUCT_NAME = "$(TARGET_NAME)";
			};
			name = Release;
		};
		0668E30C231BF9E4008C4BA2 /* Debug */ = {
			isa = XCBuildConfiguration;
			buildSettings = {
				CODE_SIGN_STYLE = Automatic;
				DEVELOPMENT_TEAM = GDDTF6824M;
				PRODUCT_NAME = "$(TARGET_NAME)";
			};
			name = Debug;
		};
		0668E30D231BF9E4008C4BA2 /* Release */ = {
			isa = XCBuildConfiguration;
			buildSettings = {
				CODE_SIGN_STYLE = Automatic;
				DEVELOPMENT_TEAM = GDDTF6824M;
				PRODUCT_NAME = "$(TARGET_NAME)";
			};
			name = Release;
		};
/* End XCBuildConfiguration section */

/* Begin XCConfigurationList section */
		060F59C32308227F00FA3050 /* Build configuration list for PBXProject "0817-腾讯笔试" */ = {
			isa = XCConfigurationList;
			buildConfigurations = (
				060F59CD2308227F00FA3050 /* Debug */,
				060F59CE2308227F00FA3050 /* Release */,
			);
			defaultConfigurationIsVisible = 0;
			defaultConfigurationName = Release;
		};
		060F59CF2308227F00FA3050 /* Build configuration list for PBXNativeTarget "0817-腾讯笔试" */ = {
			isa = XCConfigurationList;
			buildConfigurations = (
				060F59D02308227F00FA3050 /* Debug */,
				060F59D12308227F00FA3050 /* Release */,
			);
			defaultConfigurationIsVisible = 0;
			defaultConfigurationName = Release;
		};
		060F59DC23082B4300FA3050 /* Build configuration list for PBXNativeTarget "0817-腾讯笔试-可视楼数量" */ = {
			isa = XCConfigurationList;
			buildConfigurations = (
				060F59DA23082B4300FA3050 /* Debug */,
				060F59DB23082B4300FA3050 /* Release */,
			);
			defaultConfigurationIsVisible = 0;
			defaultConfigurationName = Release;
		};
		060F59E523082C9000FA3050 /* Build configuration list for PBXNativeTarget "0817-腾讯笔试-最少休息天数" */ = {
			isa = XCConfigurationList;
			buildConfigurations = (
				060F59E623082C9000FA3050 /* Debug */,
				060F59E723082C9000FA3050 /* Release */,
			);
			defaultConfigurationIsVisible = 0;
			defaultConfigurationName = Release;
		};
		0668E2F7231BEBDF008C4BA2 /* Build configuration list for PBXNativeTarget "0901-腾讯-多大宝箱数" */ = {
			isa = XCConfigurationList;
			buildConfigurations = (
				0668E2F5231BEBDF008C4BA2 /* Debug */,
				0668E2F6231BEBDF008C4BA2 /* Release */,
			);
			defaultConfigurationIsVisible = 0;
			defaultConfigurationName = Release;
		};
		0668E300231BEFC9008C4BA2 /* Build configuration list for PBXNativeTarget "0901-腾讯笔试-学习状态评分" */ = {
			isa = XCConfigurationList;
			buildConfigurations = (
				0668E301231BEFC9008C4BA2 /* Debug */,
				0668E302231BEFC9008C4BA2 /* Release */,
			);
			defaultConfigurationIsVisible = 0;
			defaultConfigurationName = Release;
		};
		0668E30B231BF9E4008C4BA2 /* Build configuration list for PBXNativeTarget "0901-腾讯笔试-摆花方案" */ = {
			isa = XCConfigurationList;
			buildConfigurations = (
				0668E30C231BF9E4008C4BA2 /* Debug */,
				0668E30D231BF9E4008C4BA2 /* Release */,
			);
			defaultConfigurationIsVisible = 0;
			defaultConfigurationName = Release;
		};
/* End XCConfigurationList section */
	};
	rootObject = 060F59C02308227F00FA3050 /* Project object */;
}
